
Microsoft Visual Studio Solution File, Format Version 12.00
# Visual Studio Version 16
VisualStudioVersion = 16.0.31624.102
MinimumVisualStudioVersion = 10.0.40219.1
Project("{FAE04EC0-301F-11D3-BF4B-00C04F79EFBC}") = "Pierwszy projekt", "Pierwszy projekt\Pierwszy projekt.csproj", "{0E002ABA-A992-40D4-9FC1-19C36CA22C61}"
EndProject
Project("{FAE04EC0-301F-11D3-BF4B-00C04F79EFBC}") = "Drugi projekt", "Drugi projekt\Drugi projekt.csproj", "{F6D6BA61-A017-4B9F-B974-49FB6863945F}"
EndProject
Project("{FAE04EC0-301F-11D3-BF4B-00C04F79EFBC}") = "Figury", "Figury\Figury.csproj", "{4898F31A-03BE-497E-8DCD-BE5F0718411B}"
EndProject
Project("{FAE04EC0-301F-11D3-BF4B-00C04F79EFBC}") = "Bank", "Bank\Bank.csproj", "{BDC398D3-5D39-4FE5-9DE4-944B05255F74}"
EndProject
Project("{9A19103F-16F7-4668-BE54-9A1E7A4F7556}") = "Delegaty", "Delegaty\Delegaty.csproj", "{F0DF5785-F06B-4CDA-8B0C-9AE96E268427}"
EndProject
Project("{9A19103F-16F7-4668-BE54-9A1E7A4F7556}") = "Typ generyczny", "Typ generyczny\Typ generyczny.csproj", "{7468205C-988F-4E1A-B7FA-3F15AEB94981}"
EndProject
Project("{9A19103F-16F7-4668-BE54-9A1E7A4F7556}") = "Kolekcje", "Kolekcje\Kolekcje.csproj", "{987CE492-1855-416B-AFCF-A4D430B17CB9}"
EndProject
Project("{9A19103F-16F7-4668-BE54-9A1E7A4F7556}") = "Statyczność", "Statyczność\Statyczność.csproj", "{4B425721-04C8-47F8-AACC-65F0FDED53EA}"
EndProject
Project("{2150E333-8FDC-42A3-9474-1A3956D46DE8}") = "Konsola", "Konsola", "{D636D8AD-DC26-4DEB-9E93-91E2A9950C68}"
EndProject
Project("{2150E333-8FDC-42A3-9474-1A3956D46DE8}") = "Windows forms", "Windows forms", "{A17E7105-AAE4-459D-B404-711BF92907C1}"
EndProject
Project("{9A19103F-16F7-4668-BE54-9A1E7A4F7556}") = "Pierwsze okno", "Pierwsze okno\Pierwsze okno.csproj", "{A00D858E-A774-4C6F-BA78-90048F0C74CF}"
EndProject
Project("{9A19103F-16F7-4668-BE54-9A1E7A4F7556}") = "Notatnik", "Notatnik\Notatnik.csproj", "{14EB78CC-ACDC-4F5B-B1E1-37EF4CE09563}"
EndProject
Project("{9A19103F-16F7-4668-BE54-9A1E7A4F7556}") = "PeselForms", "PeselForms\PeselForms.csproj", "{DCFB0A89-85AE-41DE-966B-EADDA0430C12}"
EndProject
Project("{9A19103F-16F7-4668-BE54-9A1E7A4F7556}") = "DaneOsobowe", "DaneOsobowe\DaneOsobowe.csproj", "{34BE69DF-8820-4AC9-A5DA-041E13A4855F}"
EndProject
Project("{9A19103F-16F7-4668-BE54-9A1E7A4F7556}") = "SpisOsob", "SpisOsob\SpisOsob.csproj", "{6FD17412-2079-401B-96A6-20853A8A8733}"
EndProject
Project("{9A19103F-16F7-4668-BE54-9A1E7A4F7556}") = "ProjektUczniowie", "ProjektUczniowie\ProjektUczniowie.csproj", "{96866D19-5CA7-46FD-9569-012942CABEE9}"
EndProject
Project("{9A19103F-16F7-4668-BE54-9A1E7A4F7556}") = "Przelicznik", "Przelicznik\Przelicznik.csproj", "{A7B69789-0E4B-4AFF-A0CF-333071432C4F}"
EndProject
Project("{2150E333-8FDC-42A3-9474-1A3956D46DE8}") = "WPF", "WPF", "{574997CA-E5DA-4581-A9C4-E654ACFCC515}"
EndProject
Project("{9A19103F-16F7-4668-BE54-9A1E7A4F7556}") = "FirstWPFApp", "FirstWPFApp\FirstWPFApp.csproj", "{0EFEAD8D-A885-4283-B5C3-05709D404B66}"
EndProject
Project("{9A19103F-16F7-4668-BE54-9A1E7A4F7556}") = "ContainersWPF", "ContainersWPF\ContainersWPF.csproj", "{E759611F-4116-4BF8-8720-7E859C6667B0}"
EndProject
Project("{9A19103F-16F7-4668-BE54-9A1E7A4F7556}") = "BindingApp", "BindingApp\BindingApp.csproj", "{AA0EC9C7-E47C-4DDC-973D-563BA2A0BD2F}"
EndProject
Project("{9A19103F-16F7-4668-BE54-9A1E7A4F7556}") = "UtilitiesWpf", "UtilitiesWpf\UtilitiesWpf.csproj", "{109E8737-66A7-488C-97CB-D1D6221E9ADE}"
EndProject
Project("{9A19103F-16F7-4668-BE54-9A1E7A4F7556}") = "ComboBoxProject", "ComboBoxProject\ComboBoxProject.csproj", "{4D148524-95BE-4A42-A409-B561443F5795}"
EndProject
Project("{9A19103F-16F7-4668-BE54-9A1E7A4F7556}") = "OnlyBindingApp", "OnlyBindingApp\OnlyBindingApp.csproj", "{5B94EB29-73E2-40DE-AA0B-0AE60F4032CA}"
EndProject
Project("{9A19103F-16F7-4668-BE54-9A1E7A4F7556}") = "FirstMVVMApp", "FirstMVVMApp\FirstMVVMApp.csproj", "{686EA366-6BF8-4669-BBD1-67EFC4A16C67}"
EndProject
Project("{9A19103F-16F7-4668-BE54-9A1E7A4F7556}") = "ConvertersWpfApp", "ConvertersWpfApp\ConvertersWpfApp.csproj", "{111B1D83-6443-4A98-987D-89F376223DF6}"
EndProject
Project("{9A19103F-16F7-4668-BE54-9A1E7A4F7556}") = "SliderRGB", "SliderRGB\SliderRGB.csproj", "{6B366A04-716D-4CDA-83FE-22392DE60B48}"
EndProject
Project("{9A19103F-16F7-4668-BE54-9A1E7A4F7556}") = "CalculatorWPF", "CalculatorWPF\CalculatorWPF.csproj", "{EDA4828B-5ACD-49E7-8400-359B214E22CD}"
EndProject
Project("{9A19103F-16F7-4668-BE54-9A1E7A4F7556}") = "LoginWpfApp", "LoginWpfApp\LoginWpfApp.csproj", "{F6F3F28A-7DA4-4DB1-81C0-CC7A21D79380}"
EndProject
Project("{9A19103F-16F7-4668-BE54-9A1E7A4F7556}") = "ClockWpfApp", "ClockWpfApp\ClockWpfApp.csproj", "{3A740735-6A29-4075-BDDF-95EA8B58EBC2}"
EndProject
Project("{9A19103F-16F7-4668-BE54-9A1E7A4F7556}") = "PhotoViewerWpfApp", "PhotoViewerWpfApp\PhotoViewerWpfApp.csproj", "{E3277832-19C5-4D0B-9DF2-DCAEF984BDCC}"
EndProject
Project("{9A19103F-16F7-4668-BE54-9A1E7A4F7556}") = "Inf04StyczenApp", "Inf04StyczenApp\Inf04StyczenApp.csproj", "{D2FDB28C-486C-4A89-865A-2BC602BD06B4}"
EndProject
Project("{9A19103F-16F7-4668-BE54-9A1E7A4F7556}") = "DynamicBoardWpfApp", "DynamicBoardWpfApp\DynamicBoardWpfApp.csproj", "{E50222FC-EA66-4688-A4CB-C1116C2E188B}"
EndProject
Project("{2150E333-8FDC-42A3-9474-1A3956D46DE8}") = "Xamarin", "Xamarin", "{01C34297-A907-42D3-AE13-6A062D51C312}"
EndProject
Project("{2150E333-8FDC-42A3-9474-1A3956D46DE8}") = "01. FirstApp", "01. FirstApp", "{8086C5C3-A9F4-42DF-9BEB-1146D88A1352}"
EndProject
Project("{FAE04EC0-301F-11D3-BF4B-00C04F79EFBC}") = "FirstMobileApp.Android", "FirstMobileApp\FirstMobileApp.Android\FirstMobileApp.Android.csproj", "{E7C4E084-7DA4-46A2-B871-9070D4A4556C}"
EndProject
Project("{FAE04EC0-301F-11D3-BF4B-00C04F79EFBC}") = "FirstMobileApp.iOS", "FirstMobileApp\FirstMobileApp.iOS\FirstMobileApp.iOS.csproj", "{5639EB22-B7B3-4F11-B517-CEA80851DC30}"
EndProject
Project("{9A19103F-16F7-4668-BE54-9A1E7A4F7556}") = "FirstMobileApp", "FirstMobileApp\FirstMobileApp\FirstMobileApp.csproj", "{85A8138D-041E-4A32-96A5-F357A0AB55BC}"
EndProject
Project("{2150E333-8FDC-42A3-9474-1A3956D46DE8}") = "02. Navigation Page", "02. Navigation Page", "{89090EA2-EC06-46C9-B51A-493DBA252A39}"
EndProject
Project("{FAE04EC0-301F-11D3-BF4B-00C04F79EFBC}") = "NavigationPageApp.Android", "NavigationPageApp\NavigationPageApp.Android\NavigationPageApp.Android.csproj", "{F5825850-8190-44AB-B142-C5F904A9CC40}"
EndProject
Project("{9A19103F-16F7-4668-BE54-9A1E7A4F7556}") = "NavigationPageApp", "NavigationPageApp\NavigationPageApp\NavigationPageApp.csproj", "{C78F234C-1DFF-4028-8C2F-3D2F2C0C4921}"
EndProject
Project("{2150E333-8FDC-42A3-9474-1A3956D46DE8}") = "03. Zadania", "03. Zadania", "{D5480880-1615-4E2D-AE3A-7461CB8C3AC2}"
EndProject
Project("{FAE04EC0-301F-11D3-BF4B-00C04F79EFBC}") = "MyTaskApp.Android", "MyTaskApp\MyTaskApp.Android\MyTaskApp.Android.csproj", "{DFFAB30A-EA66-47D7-A465-EE59A5A14B5E}"
EndProject
Project("{FAE04EC0-301F-11D3-BF4B-00C04F79EFBC}") = "MyTaskApp", "MyTaskApp\MyTaskApp\MyTaskApp.csproj", "{FBA73FE4-DF60-4BB7-A22A-CC7D819F8EBE}"
EndProject
Global
	GlobalSection(SolutionConfigurationPlatforms) = preSolution
		Debug|Any CPU = Debug|Any CPU
		Debug|iPhone = Debug|iPhone
		Debug|iPhoneSimulator = Debug|iPhoneSimulator
		Debug|x64 = Debug|x64
		Debug|x86 = Debug|x86
		Release|Any CPU = Release|Any CPU
		Release|iPhone = Release|iPhone
		Release|iPhoneSimulator = Release|iPhoneSimulator
		Release|x64 = Release|x64
		Release|x86 = Release|x86
	EndGlobalSection
	GlobalSection(ProjectConfigurationPlatforms) = postSolution
		{0E002ABA-A992-40D4-9FC1-19C36CA22C61}.Debug|Any CPU.ActiveCfg = Debug|Any CPU
		{0E002ABA-A992-40D4-9FC1-19C36CA22C61}.Debug|Any CPU.Build.0 = Debug|Any CPU
		{0E002ABA-A992-40D4-9FC1-19C36CA22C61}.Debug|iPhone.ActiveCfg = Debug|Any CPU
		{0E002ABA-A992-40D4-9FC1-19C36CA22C61}.Debug|iPhone.Build.0 = Debug|Any CPU
		{0E002ABA-A992-40D4-9FC1-19C36CA22C61}.Debug|iPhoneSimulator.ActiveCfg = Debug|Any CPU
		{0E002ABA-A992-40D4-9FC1-19C36CA22C61}.Debug|iPhoneSimulator.Build.0 = Debug|Any CPU
		{0E002ABA-A992-40D4-9FC1-19C36CA22C61}.Debug|x64.ActiveCfg = Debug|Any CPU
		{0E002ABA-A992-40D4-9FC1-19C36CA22C61}.Debug|x64.Build.0 = Debug|Any CPU
		{0E002ABA-A992-40D4-9FC1-19C36CA22C61}.Debug|x86.ActiveCfg = Debug|Any CPU
		{0E002ABA-A992-40D4-9FC1-19C36CA22C61}.Debug|x86.Build.0 = Debug|Any CPU
		{0E002ABA-A992-40D4-9FC1-19C36CA22C61}.Release|Any CPU.ActiveCfg = Release|Any CPU
		{0E002ABA-A992-40D4-9FC1-19C36CA22C61}.Release|Any CPU.Build.0 = Release|Any CPU
		{0E002ABA-A992-40D4-9FC1-19C36CA22C61}.Release|iPhone.ActiveCfg = Release|Any CPU
		{0E002ABA-A992-40D4-9FC1-19C36CA22C61}.Release|iPhone.Build.0 = Release|Any CPU
		{0E002ABA-A992-40D4-9FC1-19C36CA22C61}.Release|iPhoneSimulator.ActiveCfg = Release|Any CPU
		{0E002ABA-A992-40D4-9FC1-19C36CA22C61}.Release|iPhoneSimulator.Build.0 = Release|Any CPU
		{0E002ABA-A992-40D4-9FC1-19C36CA22C61}.Release|x64.ActiveCfg = Release|Any CPU
		{0E002ABA-A992-40D4-9FC1-19C36CA22C61}.Release|x64.Build.0 = Release|Any CPU
		{0E002ABA-A992-40D4-9FC1-19C36CA22C61}.Release|x86.ActiveCfg = Release|Any CPU
		{0E002ABA-A992-40D4-9FC1-19C36CA22C61}.Release|x86.Build.0 = Release|Any CPU
		{F6D6BA61-A017-4B9F-B974-49FB6863945F}.Debug|Any CPU.ActiveCfg = Debug|Any CPU
		{F6D6BA61-A017-4B9F-B974-49FB6863945F}.Debug|Any CPU.Build.0 = Debug|Any CPU
		{F6D6BA61-A017-4B9F-B974-49FB6863945F}.Debug|iPhone.ActiveCfg = Debug|Any CPU
		{F6D6BA61-A017-4B9F-B974-49FB6863945F}.Debug|iPhone.Build.0 = Debug|Any CPU
		{F6D6BA61-A017-4B9F-B974-49FB6863945F}.Debug|iPhoneSimulator.ActiveCfg = Debug|Any CPU
		{F6D6BA61-A017-4B9F-B974-49FB6863945F}.Debug|iPhoneSimulator.Build.0 = Debug|Any CPU
		{F6D6BA61-A017-4B9F-B974-49FB6863945F}.Debug|x64.ActiveCfg = Debug|Any CPU
		{F6D6BA61-A017-4B9F-B974-49FB6863945F}.Debug|x64.Build.0 = Debug|Any CPU
		{F6D6BA61-A017-4B9F-B974-49FB6863945F}.Debug|x86.ActiveCfg = Debug|Any CPU
		{F6D6BA61-A017-4B9F-B974-49FB6863945F}.Debug|x86.Build.0 = Debug|Any CPU
		{F6D6BA61-A017-4B9F-B974-49FB6863945F}.Release|Any CPU.ActiveCfg = Release|Any CPU
		{F6D6BA61-A017-4B9F-B974-49FB6863945F}.Release|Any CPU.Build.0 = Release|Any CPU
		{F6D6BA61-A017-4B9F-B974-49FB6863945F}.Release|iPhone.ActiveCfg = Release|Any CPU
		{F6D6BA61-A017-4B9F-B974-49FB6863945F}.Release|iPhone.Build.0 = Release|Any CPU
		{F6D6BA61-A017-4B9F-B974-49FB6863945F}.Release|iPhoneSimulator.ActiveCfg = Release|Any CPU
		{F6D6BA61-A017-4B9F-B974-49FB6863945F}.Release|iPhoneSimulator.Build.0 = Release|Any CPU
		{F6D6BA61-A017-4B9F-B974-49FB6863945F}.Release|x64.ActiveCfg = Release|Any CPU
		{F6D6BA61-A017-4B9F-B974-49FB6863945F}.Release|x64.Build.0 = Release|Any CPU
		{F6D6BA61-A017-4B9F-B974-49FB6863945F}.Release|x86.ActiveCfg = Release|Any CPU
		{F6D6BA61-A017-4B9F-B974-49FB6863945F}.Release|x86.Build.0 = Release|Any CPU
		{4898F31A-03BE-497E-8DCD-BE5F0718411B}.Debug|Any CPU.ActiveCfg = Debug|Any CPU
		{4898F31A-03BE-497E-8DCD-BE5F0718411B}.Debug|Any CPU.Build.0 = Debug|Any CPU
		{4898F31A-03BE-497E-8DCD-BE5F0718411B}.Debug|iPhone.ActiveCfg = Debug|Any CPU
		{4898F31A-03BE-497E-8DCD-BE5F0718411B}.Debug|iPhone.Build.0 = Debug|Any CPU
		{4898F31A-03BE-497E-8DCD-BE5F0718411B}.Debug|iPhoneSimulator.ActiveCfg = Debug|Any CPU
		{4898F31A-03BE-497E-8DCD-BE5F0718411B}.Debug|iPhoneSimulator.Build.0 = Debug|Any CPU
		{4898F31A-03BE-497E-8DCD-BE5F0718411B}.Debug|x64.ActiveCfg = Debug|Any CPU
		{4898F31A-03BE-497E-8DCD-BE5F0718411B}.Debug|x64.Build.0 = Debug|Any CPU
		{4898F31A-03BE-497E-8DCD-BE5F0718411B}.Debug|x86.ActiveCfg = Debug|Any CPU
		{4898F31A-03BE-497E-8DCD-BE5F0718411B}.Debug|x86.Build.0 = Debug|Any CPU
		{4898F31A-03BE-497E-8DCD-BE5F0718411B}.Release|Any CPU.ActiveCfg = Release|Any CPU
		{4898F31A-03BE-497E-8DCD-BE5F0718411B}.Release|Any CPU.Build.0 = Release|Any CPU
		{4898F31A-03BE-497E-8DCD-BE5F0718411B}.Release|iPhone.ActiveCfg = Release|Any CPU
		{4898F31A-03BE-497E-8DCD-BE5F0718411B}.Release|iPhone.Build.0 = Release|Any CPU
		{4898F31A-03BE-497E-8DCD-BE5F0718411B}.Release|iPhoneSimulator.ActiveCfg = Release|Any CPU
		{4898F31A-03BE-497E-8DCD-BE5F0718411B}.Release|iPhoneSimulator.Build.0 = Release|Any CPU
		{4898F31A-03BE-497E-8DCD-BE5F0718411B}.Release|x64.ActiveCfg = Release|Any CPU
		{4898F31A-03BE-497E-8DCD-BE5F0718411B}.Release|x64.Build.0 = Release|Any CPU
		{4898F31A-03BE-497E-8DCD-BE5F0718411B}.Release|x86.ActiveCfg = Release|Any CPU
		{4898F31A-03BE-497E-8DCD-BE5F0718411B}.Release|x86.Build.0 = Release|Any CPU
		{BDC398D3-5D39-4FE5-9DE4-944B05255F74}.Debug|Any CPU.ActiveCfg = Debug|Any CPU
		{BDC398D3-5D39-4FE5-9DE4-944B05255F74}.Debug|Any CPU.Build.0 = Debug|Any CPU
		{BDC398D3-5D39-4FE5-9DE4-944B05255F74}.Debug|iPhone.ActiveCfg = Debug|Any CPU
		{BDC398D3-5D39-4FE5-9DE4-944B05255F74}.Debug|iPhone.Build.0 = Debug|Any CPU
		{BDC398D3-5D39-4FE5-9DE4-944B05255F74}.Debug|iPhoneSimulator.ActiveCfg = Debug|Any CPU
		{BDC398D3-5D39-4FE5-9DE4-944B05255F74}.Debug|iPhoneSimulator.Build.0 = Debug|Any CPU
		{BDC398D3-5D39-4FE5-9DE4-944B05255F74}.Debug|x64.ActiveCfg = Debug|Any CPU
		{BDC398D3-5D39-4FE5-9DE4-944B05255F74}.Debug|x64.Build.0 = Debug|Any CPU
		{BDC398D3-5D39-4FE5-9DE4-944B05255F74}.Debug|x86.ActiveCfg = Debug|Any CPU
		{BDC398D3-5D39-4FE5-9DE4-944B05255F74}.Debug|x86.Build.0 = Debug|Any CPU
		{BDC398D3-5D39-4FE5-9DE4-944B05255F74}.Release|Any CPU.ActiveCfg = Release|Any CPU
		{BDC398D3-5D39-4FE5-9DE4-944B05255F74}.Release|Any CPU.Build.0 = Release|Any CPU
		{BDC398D3-5D39-4FE5-9DE4-944B05255F74}.Release|iPhone.ActiveCfg = Release|Any CPU
		{BDC398D3-5D39-4FE5-9DE4-944B05255F74}.Release|iPhone.Build.0 = Release|Any CPU
		{BDC398D3-5D39-4FE5-9DE4-944B05255F74}.Release|iPhoneSimulator.ActiveCfg = Release|Any CPU
		{BDC398D3-5D39-4FE5-9DE4-944B05255F74}.Release|iPhoneSimulator.Build.0 = Release|Any CPU
		{BDC398D3-5D39-4FE5-9DE4-944B05255F74}.Release|x64.ActiveCfg = Release|Any CPU
		{BDC398D3-5D39-4FE5-9DE4-944B05255F74}.Release|x64.Build.0 = Release|Any CPU
		{BDC398D3-5D39-4FE5-9DE4-944B05255F74}.Release|x86.ActiveCfg = Release|Any CPU
		{BDC398D3-5D39-4FE5-9DE4-944B05255F74}.Release|x86.Build.0 = Release|Any CPU
		{F0DF5785-F06B-4CDA-8B0C-9AE96E268427}.Debug|Any CPU.ActiveCfg = Debug|Any CPU
		{F0DF5785-F06B-4CDA-8B0C-9AE96E268427}.Debug|Any CPU.Build.0 = Debug|Any CPU
		{F0DF5785-F06B-4CDA-8B0C-9AE96E268427}.Debug|iPhone.ActiveCfg = Debug|Any CPU
		{F0DF5785-F06B-4CDA-8B0C-9AE96E268427}.Debug|iPhone.Build.0 = Debug|Any CPU
		{F0DF5785-F06B-4CDA-8B0C-9AE96E268427}.Debug|iPhoneSimulator.ActiveCfg = Debug|Any CPU
		{F0DF5785-F06B-4CDA-8B0C-9AE96E268427}.Debug|iPhoneSimulator.Build.0 = Debug|Any CPU
		{F0DF5785-F06B-4CDA-8B0C-9AE96E268427}.Debug|x64.ActiveCfg = Debug|Any CPU
		{F0DF5785-F06B-4CDA-8B0C-9AE96E268427}.Debug|x64.Build.0 = Debug|Any CPU
		{F0DF5785-F06B-4CDA-8B0C-9AE96E268427}.Debug|x86.ActiveCfg = Debug|Any CPU
		{F0DF5785-F06B-4CDA-8B0C-9AE96E268427}.Debug|x86.Build.0 = Debug|Any CPU
		{F0DF5785-F06B-4CDA-8B0C-9AE96E268427}.Release|Any CPU.ActiveCfg = Release|Any CPU
		{F0DF5785-F06B-4CDA-8B0C-9AE96E268427}.Release|Any CPU.Build.0 = Release|Any CPU
		{F0DF5785-F06B-4CDA-8B0C-9AE96E268427}.Release|iPhone.ActiveCfg = Release|Any CPU
		{F0DF5785-F06B-4CDA-8B0C-9AE96E268427}.Release|iPhone.Build.0 = Release|Any CPU
		{F0DF5785-F06B-4CDA-8B0C-9AE96E268427}.Release|iPhoneSimulator.ActiveCfg = Release|Any CPU
		{F0DF5785-F06B-4CDA-8B0C-9AE96E268427}.Release|iPhoneSimulator.Build.0 = Release|Any CPU
		{F0DF5785-F06B-4CDA-8B0C-9AE96E268427}.Release|x64.ActiveCfg = Release|Any CPU
		{F0DF5785-F06B-4CDA-8B0C-9AE96E268427}.Release|x64.Build.0 = Release|Any CPU
		{F0DF5785-F06B-4CDA-8B0C-9AE96E268427}.Release|x86.ActiveCfg = Release|Any CPU
		{F0DF5785-F06B-4CDA-8B0C-9AE96E268427}.Release|x86.Build.0 = Release|Any CPU
		{7468205C-988F-4E1A-B7FA-3F15AEB94981}.Debug|Any CPU.ActiveCfg = Debug|Any CPU
		{7468205C-988F-4E1A-B7FA-3F15AEB94981}.Debug|Any CPU.Build.0 = Debug|Any CPU
		{7468205C-988F-4E1A-B7FA-3F15AEB94981}.Debug|iPhone.ActiveCfg = Debug|Any CPU
		{7468205C-988F-4E1A-B7FA-3F15AEB94981}.Debug|iPhone.Build.0 = Debug|Any CPU
		{7468205C-988F-4E1A-B7FA-3F15AEB94981}.Debug|iPhoneSimulator.ActiveCfg = Debug|Any CPU
		{7468205C-988F-4E1A-B7FA-3F15AEB94981}.Debug|iPhoneSimulator.Build.0 = Debug|Any CPU
		{7468205C-988F-4E1A-B7FA-3F15AEB94981}.Debug|x64.ActiveCfg = Debug|Any CPU
		{7468205C-988F-4E1A-B7FA-3F15AEB94981}.Debug|x64.Build.0 = Debug|Any CPU
		{7468205C-988F-4E1A-B7FA-3F15AEB94981}.Debug|x86.ActiveCfg = Debug|Any CPU
		{7468205C-988F-4E1A-B7FA-3F15AEB94981}.Debug|x86.Build.0 = Debug|Any CPU
		{7468205C-988F-4E1A-B7FA-3F15AEB94981}.Release|Any CPU.ActiveCfg = Release|Any CPU
		{7468205C-988F-4E1A-B7FA-3F15AEB94981}.Release|Any CPU.Build.0 = Release|Any CPU
		{7468205C-988F-4E1A-B7FA-3F15AEB94981}.Release|iPhone.ActiveCfg = Release|Any CPU
		{7468205C-988F-4E1A-B7FA-3F15AEB94981}.Release|iPhone.Build.0 = Release|Any CPU
		{7468205C-988F-4E1A-B7FA-3F15AEB94981}.Release|iPhoneSimulator.ActiveCfg = Release|Any CPU
		{7468205C-988F-4E1A-B7FA-3F15AEB94981}.Release|iPhoneSimulator.Build.0 = Release|Any CPU
		{7468205C-988F-4E1A-B7FA-3F15AEB94981}.Release|x64.ActiveCfg = Release|Any CPU
		{7468205C-988F-4E1A-B7FA-3F15AEB94981}.Release|x64.Build.0 = Release|Any CPU
		{7468205C-988F-4E1A-B7FA-3F15AEB94981}.Release|x86.ActiveCfg = Release|Any CPU
		{7468205C-988F-4E1A-B7FA-3F15AEB94981}.Release|x86.Build.0 = Release|Any CPU
		{987CE492-1855-416B-AFCF-A4D430B17CB9}.Debug|Any CPU.ActiveCfg = Debug|Any CPU
		{987CE492-1855-416B-AFCF-A4D430B17CB9}.Debug|Any CPU.Build.0 = Debug|Any CPU
		{987CE492-1855-416B-AFCF-A4D430B17CB9}.Debug|iPhone.ActiveCfg = Debug|Any CPU
		{987CE492-1855-416B-AFCF-A4D430B17CB9}.Debug|iPhone.Build.0 = Debug|Any CPU
		{987CE492-1855-416B-AFCF-A4D430B17CB9}.Debug|iPhoneSimulator.ActiveCfg = Debug|Any CPU
		{987CE492-1855-416B-AFCF-A4D430B17CB9}.Debug|iPhoneSimulator.Build.0 = Debug|Any CPU
		{987CE492-1855-416B-AFCF-A4D430B17CB9}.Debug|x64.ActiveCfg = Debug|Any CPU
		{987CE492-1855-416B-AFCF-A4D430B17CB9}.Debug|x64.Build.0 = Debug|Any CPU
		{987CE492-1855-416B-AFCF-A4D430B17CB9}.Debug|x86.ActiveCfg = Debug|Any CPU
		{987CE492-1855-416B-AFCF-A4D430B17CB9}.Debug|x86.Build.0 = Debug|Any CPU
		{987CE492-1855-416B-AFCF-A4D430B17CB9}.Release|Any CPU.ActiveCfg = Release|Any CPU
		{987CE492-1855-416B-AFCF-A4D430B17CB9}.Release|Any CPU.Build.0 = Release|Any CPU
		{987CE492-1855-416B-AFCF-A4D430B17CB9}.Release|iPhone.ActiveCfg = Release|Any CPU
		{987CE492-1855-416B-AFCF-A4D430B17CB9}.Release|iPhone.Build.0 = Release|Any CPU
		{987CE492-1855-416B-AFCF-A4D430B17CB9}.Release|iPhoneSimulator.ActiveCfg = Release|Any CPU
		{987CE492-1855-416B-AFCF-A4D430B17CB9}.Release|iPhoneSimulator.Build.0 = Release|Any CPU
		{987CE492-1855-416B-AFCF-A4D430B17CB9}.Release|x64.ActiveCfg = Release|Any CPU
		{987CE492-1855-416B-AFCF-A4D430B17CB9}.Release|x64.Build.0 = Release|Any CPU
		{987CE492-1855-416B-AFCF-A4D430B17CB9}.Release|x86.ActiveCfg = Release|Any CPU
		{987CE492-1855-416B-AFCF-A4D430B17CB9}.Release|x86.Build.0 = Release|Any CPU
		{4B425721-04C8-47F8-AACC-65F0FDED53EA}.Debug|Any CPU.ActiveCfg = Debug|Any CPU
		{4B425721-04C8-47F8-AACC-65F0FDED53EA}.Debug|Any CPU.Build.0 = Debug|Any CPU
		{4B425721-04C8-47F8-AACC-65F0FDED53EA}.Debug|iPhone.ActiveCfg = Debug|Any CPU
		{4B425721-04C8-47F8-AACC-65F0FDED53EA}.Debug|iPhone.Build.0 = Debug|Any CPU
		{4B425721-04C8-47F8-AACC-65F0FDED53EA}.Debug|iPhoneSimulator.ActiveCfg = Debug|Any CPU
		{4B425721-04C8-47F8-AACC-65F0FDED53EA}.Debug|iPhoneSimulator.Build.0 = Debug|Any CPU
		{4B425721-04C8-47F8-AACC-65F0FDED53EA}.Debug|x64.ActiveCfg = Debug|Any CPU
		{4B425721-04C8-47F8-AACC-65F0FDED53EA}.Debug|x64.Build.0 = Debug|Any CPU
		{4B425721-04C8-47F8-AACC-65F0FDED53EA}.Debug|x86.ActiveCfg = Debug|Any CPU
		{4B425721-04C8-47F8-AACC-65F0FDED53EA}.Debug|x86.Build.0 = Debug|Any CPU
		{4B425721-04C8-47F8-AACC-65F0FDED53EA}.Release|Any CPU.ActiveCfg = Release|Any CPU
		{4B425721-04C8-47F8-AACC-65F0FDED53EA}.Release|Any CPU.Build.0 = Release|Any CPU
		{4B425721-04C8-47F8-AACC-65F0FDED53EA}.Release|iPhone.ActiveCfg = Release|Any CPU
		{4B425721-04C8-47F8-AACC-65F0FDED53EA}.Release|iPhone.Build.0 = Release|Any CPU
		{4B425721-04C8-47F8-AACC-65F0FDED53EA}.Release|iPhoneSimulator.ActiveCfg = Release|Any CPU
		{4B425721-04C8-47F8-AACC-65F0FDED53EA}.Release|iPhoneSimulator.Build.0 = Release|Any CPU
		{4B425721-04C8-47F8-AACC-65F0FDED53EA}.Release|x64.ActiveCfg = Release|Any CPU
		{4B425721-04C8-47F8-AACC-65F0FDED53EA}.Release|x64.Build.0 = Release|Any CPU
		{4B425721-04C8-47F8-AACC-65F0FDED53EA}.Release|x86.ActiveCfg = Release|Any CPU
		{4B425721-04C8-47F8-AACC-65F0FDED53EA}.Release|x86.Build.0 = Release|Any CPU
		{A00D858E-A774-4C6F-BA78-90048F0C74CF}.Debug|Any CPU.ActiveCfg = Debug|Any CPU
		{A00D858E-A774-4C6F-BA78-90048F0C74CF}.Debug|Any CPU.Build.0 = Debug|Any CPU
		{A00D858E-A774-4C6F-BA78-90048F0C74CF}.Debug|iPhone.ActiveCfg = Debug|Any CPU
		{A00D858E-A774-4C6F-BA78-90048F0C74CF}.Debug|iPhone.Build.0 = Debug|Any CPU
		{A00D858E-A774-4C6F-BA78-90048F0C74CF}.Debug|iPhoneSimulator.ActiveCfg = Debug|Any CPU
		{A00D858E-A774-4C6F-BA78-90048F0C74CF}.Debug|iPhoneSimulator.Build.0 = Debug|Any CPU
		{A00D858E-A774-4C6F-BA78-90048F0C74CF}.Debug|x64.ActiveCfg = Debug|Any CPU
		{A00D858E-A774-4C6F-BA78-90048F0C74CF}.Debug|x64.Build.0 = Debug|Any CPU
		{A00D858E-A774-4C6F-BA78-90048F0C74CF}.Debug|x86.ActiveCfg = Debug|Any CPU
		{A00D858E-A774-4C6F-BA78-90048F0C74CF}.Debug|x86.Build.0 = Debug|Any CPU
		{A00D858E-A774-4C6F-BA78-90048F0C74CF}.Release|Any CPU.ActiveCfg = Release|Any CPU
		{A00D858E-A774-4C6F-BA78-90048F0C74CF}.Release|Any CPU.Build.0 = Release|Any CPU
		{A00D858E-A774-4C6F-BA78-90048F0C74CF}.Release|iPhone.ActiveCfg = Release|Any CPU
		{A00D858E-A774-4C6F-BA78-90048F0C74CF}.Release|iPhone.Build.0 = Release|Any CPU
		{A00D858E-A774-4C6F-BA78-90048F0C74CF}.Release|iPhoneSimulator.ActiveCfg = Release|Any CPU
		{A00D858E-A774-4C6F-BA78-90048F0C74CF}.Release|iPhoneSimulator.Build.0 = Release|Any CPU
		{A00D858E-A774-4C6F-BA78-90048F0C74CF}.Release|x64.ActiveCfg = Release|Any CPU
		{A00D858E-A774-4C6F-BA78-90048F0C74CF}.Release|x64.Build.0 = Release|Any CPU
		{A00D858E-A774-4C6F-BA78-90048F0C74CF}.Release|x86.ActiveCfg = Release|Any CPU
		{A00D858E-A774-4C6F-BA78-90048F0C74CF}.Release|x86.Build.0 = Release|Any CPU
		{14EB78CC-ACDC-4F5B-B1E1-37EF4CE09563}.Debug|Any CPU.ActiveCfg = Debug|Any CPU
		{14EB78CC-ACDC-4F5B-B1E1-37EF4CE09563}.Debug|Any CPU.Build.0 = Debug|Any CPU
		{14EB78CC-ACDC-4F5B-B1E1-37EF4CE09563}.Debug|iPhone.ActiveCfg = Debug|Any CPU
		{14EB78CC-ACDC-4F5B-B1E1-37EF4CE09563}.Debug|iPhone.Build.0 = Debug|Any CPU
		{14EB78CC-ACDC-4F5B-B1E1-37EF4CE09563}.Debug|iPhoneSimulator.ActiveCfg = Debug|Any CPU
		{14EB78CC-ACDC-4F5B-B1E1-37EF4CE09563}.Debug|iPhoneSimulator.Build.0 = Debug|Any CPU
		{14EB78CC-ACDC-4F5B-B1E1-37EF4CE09563}.Debug|x64.ActiveCfg = Debug|Any CPU
		{14EB78CC-ACDC-4F5B-B1E1-37EF4CE09563}.Debug|x64.Build.0 = Debug|Any CPU
		{14EB78CC-ACDC-4F5B-B1E1-37EF4CE09563}.Debug|x86.ActiveCfg = Debug|Any CPU
		{14EB78CC-ACDC-4F5B-B1E1-37EF4CE09563}.Debug|x86.Build.0 = Debug|Any CPU
		{14EB78CC-ACDC-4F5B-B1E1-37EF4CE09563}.Release|Any CPU.ActiveCfg = Release|Any CPU
		{14EB78CC-ACDC-4F5B-B1E1-37EF4CE09563}.Release|Any CPU.Build.0 = Release|Any CPU
		{14EB78CC-ACDC-4F5B-B1E1-37EF4CE09563}.Release|iPhone.ActiveCfg = Release|Any CPU
		{14EB78CC-ACDC-4F5B-B1E1-37EF4CE09563}.Release|iPhone.Build.0 = Release|Any CPU
		{14EB78CC-ACDC-4F5B-B1E1-37EF4CE09563}.Release|iPhoneSimulator.ActiveCfg = Release|Any CPU
		{14EB78CC-ACDC-4F5B-B1E1-37EF4CE09563}.Release|iPhoneSimulator.Build.0 = Release|Any CPU
		{14EB78CC-ACDC-4F5B-B1E1-37EF4CE09563}.Release|x64.ActiveCfg = Release|Any CPU
		{14EB78CC-ACDC-4F5B-B1E1-37EF4CE09563}.Release|x64.Build.0 = Release|Any CPU
		{14EB78CC-ACDC-4F5B-B1E1-37EF4CE09563}.Release|x86.ActiveCfg = Release|Any CPU
		{14EB78CC-ACDC-4F5B-B1E1-37EF4CE09563}.Release|x86.Build.0 = Release|Any CPU
		{DCFB0A89-85AE-41DE-966B-EADDA0430C12}.Debug|Any CPU.ActiveCfg = Debug|Any CPU
		{DCFB0A89-85AE-41DE-966B-EADDA0430C12}.Debug|Any CPU.Build.0 = Debug|Any CPU
		{DCFB0A89-85AE-41DE-966B-EADDA0430C12}.Debug|iPhone.ActiveCfg = Debug|Any CPU
		{DCFB0A89-85AE-41DE-966B-EADDA0430C12}.Debug|iPhone.Build.0 = Debug|Any CPU
		{DCFB0A89-85AE-41DE-966B-EADDA0430C12}.Debug|iPhoneSimulator.ActiveCfg = Debug|Any CPU
		{DCFB0A89-85AE-41DE-966B-EADDA0430C12}.Debug|iPhoneSimulator.Build.0 = Debug|Any CPU
		{DCFB0A89-85AE-41DE-966B-EADDA0430C12}.Debug|x64.ActiveCfg = Debug|Any CPU
		{DCFB0A89-85AE-41DE-966B-EADDA0430C12}.Debug|x64.Build.0 = Debug|Any CPU
		{DCFB0A89-85AE-41DE-966B-EADDA0430C12}.Debug|x86.ActiveCfg = Debug|Any CPU
		{DCFB0A89-85AE-41DE-966B-EADDA0430C12}.Debug|x86.Build.0 = Debug|Any CPU
		{DCFB0A89-85AE-41DE-966B-EADDA0430C12}.Release|Any CPU.ActiveCfg = Release|Any CPU
		{DCFB0A89-85AE-41DE-966B-EADDA0430C12}.Release|Any CPU.Build.0 = Release|Any CPU
		{DCFB0A89-85AE-41DE-966B-EADDA0430C12}.Release|iPhone.ActiveCfg = Release|Any CPU
		{DCFB0A89-85AE-41DE-966B-EADDA0430C12}.Release|iPhone.Build.0 = Release|Any CPU
		{DCFB0A89-85AE-41DE-966B-EADDA0430C12}.Release|iPhoneSimulator.ActiveCfg = Release|Any CPU
		{DCFB0A89-85AE-41DE-966B-EADDA0430C12}.Release|iPhoneSimulator.Build.0 = Release|Any CPU
		{DCFB0A89-85AE-41DE-966B-EADDA0430C12}.Release|x64.ActiveCfg = Release|Any CPU
		{DCFB0A89-85AE-41DE-966B-EADDA0430C12}.Release|x64.Build.0 = Release|Any CPU
		{DCFB0A89-85AE-41DE-966B-EADDA0430C12}.Release|x86.ActiveCfg = Release|Any CPU
		{DCFB0A89-85AE-41DE-966B-EADDA0430C12}.Release|x86.Build.0 = Release|Any CPU
		{34BE69DF-8820-4AC9-A5DA-041E13A4855F}.Debug|Any CPU.ActiveCfg = Debug|Any CPU
		{34BE69DF-8820-4AC9-A5DA-041E13A4855F}.Debug|Any CPU.Build.0 = Debug|Any CPU
		{34BE69DF-8820-4AC9-A5DA-041E13A4855F}.Debug|iPhone.ActiveCfg = Debug|Any CPU
		{34BE69DF-8820-4AC9-A5DA-041E13A4855F}.Debug|iPhone.Build.0 = Debug|Any CPU
		{34BE69DF-8820-4AC9-A5DA-041E13A4855F}.Debug|iPhoneSimulator.ActiveCfg = Debug|Any CPU
		{34BE69DF-8820-4AC9-A5DA-041E13A4855F}.Debug|iPhoneSimulator.Build.0 = Debug|Any CPU
		{34BE69DF-8820-4AC9-A5DA-041E13A4855F}.Debug|x64.ActiveCfg = Debug|Any CPU
		{34BE69DF-8820-4AC9-A5DA-041E13A4855F}.Debug|x64.Build.0 = Debug|Any CPU
		{34BE69DF-8820-4AC9-A5DA-041E13A4855F}.Debug|x86.ActiveCfg = Debug|Any CPU
		{34BE69DF-8820-4AC9-A5DA-041E13A4855F}.Debug|x86.Build.0 = Debug|Any CPU
		{34BE69DF-8820-4AC9-A5DA-041E13A4855F}.Release|Any CPU.ActiveCfg = Release|Any CPU
		{34BE69DF-8820-4AC9-A5DA-041E13A4855F}.Release|Any CPU.Build.0 = Release|Any CPU
		{34BE69DF-8820-4AC9-A5DA-041E13A4855F}.Release|iPhone.ActiveCfg = Release|Any CPU
		{34BE69DF-8820-4AC9-A5DA-041E13A4855F}.Release|iPhone.Build.0 = Release|Any CPU
		{34BE69DF-8820-4AC9-A5DA-041E13A4855F}.Release|iPhoneSimulator.ActiveCfg = Release|Any CPU
		{34BE69DF-8820-4AC9-A5DA-041E13A4855F}.Release|iPhoneSimulator.Build.0 = Release|Any CPU
		{34BE69DF-8820-4AC9-A5DA-041E13A4855F}.Release|x64.ActiveCfg = Release|Any CPU
		{34BE69DF-8820-4AC9-A5DA-041E13A4855F}.Release|x64.Build.0 = Release|Any CPU
		{34BE69DF-8820-4AC9-A5DA-041E13A4855F}.Release|x86.ActiveCfg = Release|Any CPU
		{34BE69DF-8820-4AC9-A5DA-041E13A4855F}.Release|x86.Build.0 = Release|Any CPU
		{6FD17412-2079-401B-96A6-20853A8A8733}.Debug|Any CPU.ActiveCfg = Debug|Any CPU
		{6FD17412-2079-401B-96A6-20853A8A8733}.Debug|Any CPU.Build.0 = Debug|Any CPU
		{6FD17412-2079-401B-96A6-20853A8A8733}.Debug|iPhone.ActiveCfg = Debug|Any CPU
		{6FD17412-2079-401B-96A6-20853A8A8733}.Debug|iPhone.Build.0 = Debug|Any CPU
		{6FD17412-2079-401B-96A6-20853A8A8733}.Debug|iPhoneSimulator.ActiveCfg = Debug|Any CPU
		{6FD17412-2079-401B-96A6-20853A8A8733}.Debug|iPhoneSimulator.Build.0 = Debug|Any CPU
		{6FD17412-2079-401B-96A6-20853A8A8733}.Debug|x64.ActiveCfg = Debug|Any CPU
		{6FD17412-2079-401B-96A6-20853A8A8733}.Debug|x64.Build.0 = Debug|Any CPU
		{6FD17412-2079-401B-96A6-20853A8A8733}.Debug|x86.ActiveCfg = Debug|Any CPU
		{6FD17412-2079-401B-96A6-20853A8A8733}.Debug|x86.Build.0 = Debug|Any CPU
		{6FD17412-2079-401B-96A6-20853A8A8733}.Release|Any CPU.ActiveCfg = Release|Any CPU
		{6FD17412-2079-401B-96A6-20853A8A8733}.Release|Any CPU.Build.0 = Release|Any CPU
		{6FD17412-2079-401B-96A6-20853A8A8733}.Release|iPhone.ActiveCfg = Release|Any CPU
		{6FD17412-2079-401B-96A6-20853A8A8733}.Release|iPhone.Build.0 = Release|Any CPU
		{6FD17412-2079-401B-96A6-20853A8A8733}.Release|iPhoneSimulator.ActiveCfg = Release|Any CPU
		{6FD17412-2079-401B-96A6-20853A8A8733}.Release|iPhoneSimulator.Build.0 = Release|Any CPU
		{6FD17412-2079-401B-96A6-20853A8A8733}.Release|x64.ActiveCfg = Release|Any CPU
		{6FD17412-2079-401B-96A6-20853A8A8733}.Release|x64.Build.0 = Release|Any CPU
		{6FD17412-2079-401B-96A6-20853A8A8733}.Release|x86.ActiveCfg = Release|Any CPU
		{6FD17412-2079-401B-96A6-20853A8A8733}.Release|x86.Build.0 = Release|Any CPU
		{96866D19-5CA7-46FD-9569-012942CABEE9}.Debug|Any CPU.ActiveCfg = Debug|Any CPU
		{96866D19-5CA7-46FD-9569-012942CABEE9}.Debug|Any CPU.Build.0 = Debug|Any CPU
		{96866D19-5CA7-46FD-9569-012942CABEE9}.Debug|iPhone.ActiveCfg = Debug|Any CPU
		{96866D19-5CA7-46FD-9569-012942CABEE9}.Debug|iPhone.Build.0 = Debug|Any CPU
		{96866D19-5CA7-46FD-9569-012942CABEE9}.Debug|iPhoneSimulator.ActiveCfg = Debug|Any CPU
		{96866D19-5CA7-46FD-9569-012942CABEE9}.Debug|iPhoneSimulator.Build.0 = Debug|Any CPU
		{96866D19-5CA7-46FD-9569-012942CABEE9}.Debug|x64.ActiveCfg = Debug|Any CPU
		{96866D19-5CA7-46FD-9569-012942CABEE9}.Debug|x64.Build.0 = Debug|Any CPU
		{96866D19-5CA7-46FD-9569-012942CABEE9}.Debug|x86.ActiveCfg = Debug|Any CPU
		{96866D19-5CA7-46FD-9569-012942CABEE9}.Debug|x86.Build.0 = Debug|Any CPU
		{96866D19-5CA7-46FD-9569-012942CABEE9}.Release|Any CPU.ActiveCfg = Release|Any CPU
		{96866D19-5CA7-46FD-9569-012942CABEE9}.Release|Any CPU.Build.0 = Release|Any CPU
		{96866D19-5CA7-46FD-9569-012942CABEE9}.Release|iPhone.ActiveCfg = Release|Any CPU
		{96866D19-5CA7-46FD-9569-012942CABEE9}.Release|iPhone.Build.0 = Release|Any CPU
		{96866D19-5CA7-46FD-9569-012942CABEE9}.Release|iPhoneSimulator.ActiveCfg = Release|Any CPU
		{96866D19-5CA7-46FD-9569-012942CABEE9}.Release|iPhoneSimulator.Build.0 = Release|Any CPU
		{96866D19-5CA7-46FD-9569-012942CABEE9}.Release|x64.ActiveCfg = Release|Any CPU
		{96866D19-5CA7-46FD-9569-012942CABEE9}.Release|x64.Build.0 = Release|Any CPU
		{96866D19-5CA7-46FD-9569-012942CABEE9}.Release|x86.ActiveCfg = Release|Any CPU
		{96866D19-5CA7-46FD-9569-012942CABEE9}.Release|x86.Build.0 = Release|Any CPU
		{A7B69789-0E4B-4AFF-A0CF-333071432C4F}.Debug|Any CPU.ActiveCfg = Debug|Any CPU
		{A7B69789-0E4B-4AFF-A0CF-333071432C4F}.Debug|Any CPU.Build.0 = Debug|Any CPU
		{A7B69789-0E4B-4AFF-A0CF-333071432C4F}.Debug|iPhone.ActiveCfg = Debug|Any CPU
		{A7B69789-0E4B-4AFF-A0CF-333071432C4F}.Debug|iPhone.Build.0 = Debug|Any CPU
		{A7B69789-0E4B-4AFF-A0CF-333071432C4F}.Debug|iPhoneSimulator.ActiveCfg = Debug|Any CPU
		{A7B69789-0E4B-4AFF-A0CF-333071432C4F}.Debug|iPhoneSimulator.Build.0 = Debug|Any CPU
		{A7B69789-0E4B-4AFF-A0CF-333071432C4F}.Debug|x64.ActiveCfg = Debug|Any CPU
		{A7B69789-0E4B-4AFF-A0CF-333071432C4F}.Debug|x64.Build.0 = Debug|Any CPU
		{A7B69789-0E4B-4AFF-A0CF-333071432C4F}.Debug|x86.ActiveCfg = Debug|Any CPU
		{A7B69789-0E4B-4AFF-A0CF-333071432C4F}.Debug|x86.Build.0 = Debug|Any CPU
		{A7B69789-0E4B-4AFF-A0CF-333071432C4F}.Release|Any CPU.ActiveCfg = Release|Any CPU
		{A7B69789-0E4B-4AFF-A0CF-333071432C4F}.Release|Any CPU.Build.0 = Release|Any CPU
		{A7B69789-0E4B-4AFF-A0CF-333071432C4F}.Release|iPhone.ActiveCfg = Release|Any CPU
		{A7B69789-0E4B-4AFF-A0CF-333071432C4F}.Release|iPhone.Build.0 = Release|Any CPU
		{A7B69789-0E4B-4AFF-A0CF-333071432C4F}.Release|iPhoneSimulator.ActiveCfg = Release|Any CPU
		{A7B69789-0E4B-4AFF-A0CF-333071432C4F}.Release|iPhoneSimulator.Build.0 = Release|Any CPU
		{A7B69789-0E4B-4AFF-A0CF-333071432C4F}.Release|x64.ActiveCfg = Release|Any CPU
		{A7B69789-0E4B-4AFF-A0CF-333071432C4F}.Release|x64.Build.0 = Release|Any CPU
		{A7B69789-0E4B-4AFF-A0CF-333071432C4F}.Release|x86.ActiveCfg = Release|Any CPU
		{A7B69789-0E4B-4AFF-A0CF-333071432C4F}.Release|x86.Build.0 = Release|Any CPU
		{0EFEAD8D-A885-4283-B5C3-05709D404B66}.Debug|Any CPU.ActiveCfg = Debug|Any CPU
		{0EFEAD8D-A885-4283-B5C3-05709D404B66}.Debug|Any CPU.Build.0 = Debug|Any CPU
		{0EFEAD8D-A885-4283-B5C3-05709D404B66}.Debug|iPhone.ActiveCfg = Debug|Any CPU
		{0EFEAD8D-A885-4283-B5C3-05709D404B66}.Debug|iPhone.Build.0 = Debug|Any CPU
		{0EFEAD8D-A885-4283-B5C3-05709D404B66}.Debug|iPhoneSimulator.ActiveCfg = Debug|Any CPU
		{0EFEAD8D-A885-4283-B5C3-05709D404B66}.Debug|iPhoneSimulator.Build.0 = Debug|Any CPU
		{0EFEAD8D-A885-4283-B5C3-05709D404B66}.Debug|x64.ActiveCfg = Debug|Any CPU
		{0EFEAD8D-A885-4283-B5C3-05709D404B66}.Debug|x64.Build.0 = Debug|Any CPU
		{0EFEAD8D-A885-4283-B5C3-05709D404B66}.Debug|x86.ActiveCfg = Debug|Any CPU
		{0EFEAD8D-A885-4283-B5C3-05709D404B66}.Debug|x86.Build.0 = Debug|Any CPU
		{0EFEAD8D-A885-4283-B5C3-05709D404B66}.Release|Any CPU.ActiveCfg = Release|Any CPU
		{0EFEAD8D-A885-4283-B5C3-05709D404B66}.Release|Any CPU.Build.0 = Release|Any CPU
		{0EFEAD8D-A885-4283-B5C3-05709D404B66}.Release|iPhone.ActiveCfg = Release|Any CPU
		{0EFEAD8D-A885-4283-B5C3-05709D404B66}.Release|iPhone.Build.0 = Release|Any CPU
		{0EFEAD8D-A885-4283-B5C3-05709D404B66}.Release|iPhoneSimulator.ActiveCfg = Release|Any CPU
		{0EFEAD8D-A885-4283-B5C3-05709D404B66}.Release|iPhoneSimulator.Build.0 = Release|Any CPU
		{0EFEAD8D-A885-4283-B5C3-05709D404B66}.Release|x64.ActiveCfg = Release|Any CPU
		{0EFEAD8D-A885-4283-B5C3-05709D404B66}.Release|x64.Build.0 = Release|Any CPU
		{0EFEAD8D-A885-4283-B5C3-05709D404B66}.Release|x86.ActiveCfg = Release|Any CPU
		{0EFEAD8D-A885-4283-B5C3-05709D404B66}.Release|x86.Build.0 = Release|Any CPU
		{E759611F-4116-4BF8-8720-7E859C6667B0}.Debug|Any CPU.ActiveCfg = Debug|Any CPU
		{E759611F-4116-4BF8-8720-7E859C6667B0}.Debug|Any CPU.Build.0 = Debug|Any CPU
		{E759611F-4116-4BF8-8720-7E859C6667B0}.Debug|iPhone.ActiveCfg = Debug|Any CPU
		{E759611F-4116-4BF8-8720-7E859C6667B0}.Debug|iPhone.Build.0 = Debug|Any CPU
		{E759611F-4116-4BF8-8720-7E859C6667B0}.Debug|iPhoneSimulator.ActiveCfg = Debug|Any CPU
		{E759611F-4116-4BF8-8720-7E859C6667B0}.Debug|iPhoneSimulator.Build.0 = Debug|Any CPU
		{E759611F-4116-4BF8-8720-7E859C6667B0}.Debug|x64.ActiveCfg = Debug|Any CPU
		{E759611F-4116-4BF8-8720-7E859C6667B0}.Debug|x64.Build.0 = Debug|Any CPU
		{E759611F-4116-4BF8-8720-7E859C6667B0}.Debug|x86.ActiveCfg = Debug|Any CPU
		{E759611F-4116-4BF8-8720-7E859C6667B0}.Debug|x86.Build.0 = Debug|Any CPU
		{E759611F-4116-4BF8-8720-7E859C6667B0}.Release|Any CPU.ActiveCfg = Release|Any CPU
		{E759611F-4116-4BF8-8720-7E859C6667B0}.Release|Any CPU.Build.0 = Release|Any CPU
		{E759611F-4116-4BF8-8720-7E859C6667B0}.Release|iPhone.ActiveCfg = Release|Any CPU
		{E759611F-4116-4BF8-8720-7E859C6667B0}.Release|iPhone.Build.0 = Release|Any CPU
		{E759611F-4116-4BF8-8720-7E859C6667B0}.Release|iPhoneSimulator.ActiveCfg = Release|Any CPU
		{E759611F-4116-4BF8-8720-7E859C6667B0}.Release|iPhoneSimulator.Build.0 = Release|Any CPU
		{E759611F-4116-4BF8-8720-7E859C6667B0}.Release|x64.ActiveCfg = Release|Any CPU
		{E759611F-4116-4BF8-8720-7E859C6667B0}.Release|x64.Build.0 = Release|Any CPU
		{E759611F-4116-4BF8-8720-7E859C6667B0}.Release|x86.ActiveCfg = Release|Any CPU
		{E759611F-4116-4BF8-8720-7E859C6667B0}.Release|x86.Build.0 = Release|Any CPU
		{AA0EC9C7-E47C-4DDC-973D-563BA2A0BD2F}.Debug|Any CPU.ActiveCfg = Debug|Any CPU
		{AA0EC9C7-E47C-4DDC-973D-563BA2A0BD2F}.Debug|Any CPU.Build.0 = Debug|Any CPU
		{AA0EC9C7-E47C-4DDC-973D-563BA2A0BD2F}.Debug|iPhone.ActiveCfg = Debug|Any CPU
		{AA0EC9C7-E47C-4DDC-973D-563BA2A0BD2F}.Debug|iPhone.Build.0 = Debug|Any CPU
		{AA0EC9C7-E47C-4DDC-973D-563BA2A0BD2F}.Debug|iPhoneSimulator.ActiveCfg = Debug|Any CPU
		{AA0EC9C7-E47C-4DDC-973D-563BA2A0BD2F}.Debug|iPhoneSimulator.Build.0 = Debug|Any CPU
		{AA0EC9C7-E47C-4DDC-973D-563BA2A0BD2F}.Debug|x64.ActiveCfg = Debug|Any CPU
		{AA0EC9C7-E47C-4DDC-973D-563BA2A0BD2F}.Debug|x64.Build.0 = Debug|Any CPU
		{AA0EC9C7-E47C-4DDC-973D-563BA2A0BD2F}.Debug|x86.ActiveCfg = Debug|Any CPU
		{AA0EC9C7-E47C-4DDC-973D-563BA2A0BD2F}.Debug|x86.Build.0 = Debug|Any CPU
		{AA0EC9C7-E47C-4DDC-973D-563BA2A0BD2F}.Release|Any CPU.ActiveCfg = Release|Any CPU
		{AA0EC9C7-E47C-4DDC-973D-563BA2A0BD2F}.Release|Any CPU.Build.0 = Release|Any CPU
		{AA0EC9C7-E47C-4DDC-973D-563BA2A0BD2F}.Release|iPhone.ActiveCfg = Release|Any CPU
		{AA0EC9C7-E47C-4DDC-973D-563BA2A0BD2F}.Release|iPhone.Build.0 = Release|Any CPU
		{AA0EC9C7-E47C-4DDC-973D-563BA2A0BD2F}.Release|iPhoneSimulator.ActiveCfg = Release|Any CPU
		{AA0EC9C7-E47C-4DDC-973D-563BA2A0BD2F}.Release|iPhoneSimulator.Build.0 = Release|Any CPU
		{AA0EC9C7-E47C-4DDC-973D-563BA2A0BD2F}.Release|x64.ActiveCfg = Release|Any CPU
		{AA0EC9C7-E47C-4DDC-973D-563BA2A0BD2F}.Release|x64.Build.0 = Release|Any CPU
		{AA0EC9C7-E47C-4DDC-973D-563BA2A0BD2F}.Release|x86.ActiveCfg = Release|Any CPU
		{AA0EC9C7-E47C-4DDC-973D-563BA2A0BD2F}.Release|x86.Build.0 = Release|Any CPU
		{109E8737-66A7-488C-97CB-D1D6221E9ADE}.Debug|Any CPU.ActiveCfg = Debug|Any CPU
		{109E8737-66A7-488C-97CB-D1D6221E9ADE}.Debug|Any CPU.Build.0 = Debug|Any CPU
		{109E8737-66A7-488C-97CB-D1D6221E9ADE}.Debug|iPhone.ActiveCfg = Debug|Any CPU
		{109E8737-66A7-488C-97CB-D1D6221E9ADE}.Debug|iPhone.Build.0 = Debug|Any CPU
		{109E8737-66A7-488C-97CB-D1D6221E9ADE}.Debug|iPhoneSimulator.ActiveCfg = Debug|Any CPU
		{109E8737-66A7-488C-97CB-D1D6221E9ADE}.Debug|iPhoneSimulator.Build.0 = Debug|Any CPU
		{109E8737-66A7-488C-97CB-D1D6221E9ADE}.Debug|x64.ActiveCfg = Debug|Any CPU
		{109E8737-66A7-488C-97CB-D1D6221E9ADE}.Debug|x64.Build.0 = Debug|Any CPU
		{109E8737-66A7-488C-97CB-D1D6221E9ADE}.Debug|x86.ActiveCfg = Debug|Any CPU
		{109E8737-66A7-488C-97CB-D1D6221E9ADE}.Debug|x86.Build.0 = Debug|Any CPU
		{109E8737-66A7-488C-97CB-D1D6221E9ADE}.Release|Any CPU.ActiveCfg = Release|Any CPU
		{109E8737-66A7-488C-97CB-D1D6221E9ADE}.Release|Any CPU.Build.0 = Release|Any CPU
		{109E8737-66A7-488C-97CB-D1D6221E9ADE}.Release|iPhone.ActiveCfg = Release|Any CPU
		{109E8737-66A7-488C-97CB-D1D6221E9ADE}.Release|iPhone.Build.0 = Release|Any CPU
		{109E8737-66A7-488C-97CB-D1D6221E9ADE}.Release|iPhoneSimulator.ActiveCfg = Release|Any CPU
		{109E8737-66A7-488C-97CB-D1D6221E9ADE}.Release|iPhoneSimulator.Build.0 = Release|Any CPU
		{109E8737-66A7-488C-97CB-D1D6221E9ADE}.Release|x64.ActiveCfg = Release|Any CPU
		{109E8737-66A7-488C-97CB-D1D6221E9ADE}.Release|x64.Build.0 = Release|Any CPU
		{109E8737-66A7-488C-97CB-D1D6221E9ADE}.Release|x86.ActiveCfg = Release|Any CPU
		{109E8737-66A7-488C-97CB-D1D6221E9ADE}.Release|x86.Build.0 = Release|Any CPU
		{4D148524-95BE-4A42-A409-B561443F5795}.Debug|Any CPU.ActiveCfg = Debug|Any CPU
		{4D148524-95BE-4A42-A409-B561443F5795}.Debug|Any CPU.Build.0 = Debug|Any CPU
		{4D148524-95BE-4A42-A409-B561443F5795}.Debug|iPhone.ActiveCfg = Debug|Any CPU
		{4D148524-95BE-4A42-A409-B561443F5795}.Debug|iPhone.Build.0 = Debug|Any CPU
		{4D148524-95BE-4A42-A409-B561443F5795}.Debug|iPhoneSimulator.ActiveCfg = Debug|Any CPU
		{4D148524-95BE-4A42-A409-B561443F5795}.Debug|iPhoneSimulator.Build.0 = Debug|Any CPU
		{4D148524-95BE-4A42-A409-B561443F5795}.Debug|x64.ActiveCfg = Debug|Any CPU
		{4D148524-95BE-4A42-A409-B561443F5795}.Debug|x64.Build.0 = Debug|Any CPU
		{4D148524-95BE-4A42-A409-B561443F5795}.Debug|x86.ActiveCfg = Debug|Any CPU
		{4D148524-95BE-4A42-A409-B561443F5795}.Debug|x86.Build.0 = Debug|Any CPU
		{4D148524-95BE-4A42-A409-B561443F5795}.Release|Any CPU.ActiveCfg = Release|Any CPU
		{4D148524-95BE-4A42-A409-B561443F5795}.Release|Any CPU.Build.0 = Release|Any CPU
		{4D148524-95BE-4A42-A409-B561443F5795}.Release|iPhone.ActiveCfg = Release|Any CPU
		{4D148524-95BE-4A42-A409-B561443F5795}.Release|iPhone.Build.0 = Release|Any CPU
		{4D148524-95BE-4A42-A409-B561443F5795}.Release|iPhoneSimulator.ActiveCfg = Release|Any CPU
		{4D148524-95BE-4A42-A409-B561443F5795}.Release|iPhoneSimulator.Build.0 = Release|Any CPU
		{4D148524-95BE-4A42-A409-B561443F5795}.Release|x64.ActiveCfg = Release|Any CPU
		{4D148524-95BE-4A42-A409-B561443F5795}.Release|x64.Build.0 = Release|Any CPU
		{4D148524-95BE-4A42-A409-B561443F5795}.Release|x86.ActiveCfg = Release|Any CPU
		{4D148524-95BE-4A42-A409-B561443F5795}.Release|x86.Build.0 = Release|Any CPU
		{5B94EB29-73E2-40DE-AA0B-0AE60F4032CA}.Debug|Any CPU.ActiveCfg = Debug|Any CPU
		{5B94EB29-73E2-40DE-AA0B-0AE60F4032CA}.Debug|Any CPU.Build.0 = Debug|Any CPU
		{5B94EB29-73E2-40DE-AA0B-0AE60F4032CA}.Debug|iPhone.ActiveCfg = Debug|Any CPU
		{5B94EB29-73E2-40DE-AA0B-0AE60F4032CA}.Debug|iPhone.Build.0 = Debug|Any CPU
		{5B94EB29-73E2-40DE-AA0B-0AE60F4032CA}.Debug|iPhoneSimulator.ActiveCfg = Debug|Any CPU
		{5B94EB29-73E2-40DE-AA0B-0AE60F4032CA}.Debug|iPhoneSimulator.Build.0 = Debug|Any CPU
		{5B94EB29-73E2-40DE-AA0B-0AE60F4032CA}.Debug|x64.ActiveCfg = Debug|Any CPU
		{5B94EB29-73E2-40DE-AA0B-0AE60F4032CA}.Debug|x64.Build.0 = Debug|Any CPU
		{5B94EB29-73E2-40DE-AA0B-0AE60F4032CA}.Debug|x86.ActiveCfg = Debug|Any CPU
		{5B94EB29-73E2-40DE-AA0B-0AE60F4032CA}.Debug|x86.Build.0 = Debug|Any CPU
		{5B94EB29-73E2-40DE-AA0B-0AE60F4032CA}.Release|Any CPU.ActiveCfg = Release|Any CPU
		{5B94EB29-73E2-40DE-AA0B-0AE60F4032CA}.Release|Any CPU.Build.0 = Release|Any CPU
		{5B94EB29-73E2-40DE-AA0B-0AE60F4032CA}.Release|iPhone.ActiveCfg = Release|Any CPU
		{5B94EB29-73E2-40DE-AA0B-0AE60F4032CA}.Release|iPhone.Build.0 = Release|Any CPU
		{5B94EB29-73E2-40DE-AA0B-0AE60F4032CA}.Release|iPhoneSimulator.ActiveCfg = Release|Any CPU
		{5B94EB29-73E2-40DE-AA0B-0AE60F4032CA}.Release|iPhoneSimulator.Build.0 = Release|Any CPU
		{5B94EB29-73E2-40DE-AA0B-0AE60F4032CA}.Release|x64.ActiveCfg = Release|Any CPU
		{5B94EB29-73E2-40DE-AA0B-0AE60F4032CA}.Release|x64.Build.0 = Release|Any CPU
		{5B94EB29-73E2-40DE-AA0B-0AE60F4032CA}.Release|x86.ActiveCfg = Release|Any CPU
		{5B94EB29-73E2-40DE-AA0B-0AE60F4032CA}.Release|x86.Build.0 = Release|Any CPU
		{686EA366-6BF8-4669-BBD1-67EFC4A16C67}.Debug|Any CPU.ActiveCfg = Debug|Any CPU
		{686EA366-6BF8-4669-BBD1-67EFC4A16C67}.Debug|Any CPU.Build.0 = Debug|Any CPU
		{686EA366-6BF8-4669-BBD1-67EFC4A16C67}.Debug|iPhone.ActiveCfg = Debug|Any CPU
		{686EA366-6BF8-4669-BBD1-67EFC4A16C67}.Debug|iPhone.Build.0 = Debug|Any CPU
		{686EA366-6BF8-4669-BBD1-67EFC4A16C67}.Debug|iPhoneSimulator.ActiveCfg = Debug|Any CPU
		{686EA366-6BF8-4669-BBD1-67EFC4A16C67}.Debug|iPhoneSimulator.Build.0 = Debug|Any CPU
		{686EA366-6BF8-4669-BBD1-67EFC4A16C67}.Debug|x64.ActiveCfg = Debug|Any CPU
		{686EA366-6BF8-4669-BBD1-67EFC4A16C67}.Debug|x64.Build.0 = Debug|Any CPU
		{686EA366-6BF8-4669-BBD1-67EFC4A16C67}.Debug|x86.ActiveCfg = Debug|Any CPU
		{686EA366-6BF8-4669-BBD1-67EFC4A16C67}.Debug|x86.Build.0 = Debug|Any CPU
		{686EA366-6BF8-4669-BBD1-67EFC4A16C67}.Release|Any CPU.ActiveCfg = Release|Any CPU
		{686EA366-6BF8-4669-BBD1-67EFC4A16C67}.Release|Any CPU.Build.0 = Release|Any CPU
		{686EA366-6BF8-4669-BBD1-67EFC4A16C67}.Release|iPhone.ActiveCfg = Release|Any CPU
		{686EA366-6BF8-4669-BBD1-67EFC4A16C67}.Release|iPhone.Build.0 = Release|Any CPU
		{686EA366-6BF8-4669-BBD1-67EFC4A16C67}.Release|iPhoneSimulator.ActiveCfg = Release|Any CPU
		{686EA366-6BF8-4669-BBD1-67EFC4A16C67}.Release|iPhoneSimulator.Build.0 = Release|Any CPU
		{686EA366-6BF8-4669-BBD1-67EFC4A16C67}.Release|x64.ActiveCfg = Release|Any CPU
		{686EA366-6BF8-4669-BBD1-67EFC4A16C67}.Release|x64.Build.0 = Release|Any CPU
		{686EA366-6BF8-4669-BBD1-67EFC4A16C67}.Release|x86.ActiveCfg = Release|Any CPU
		{686EA366-6BF8-4669-BBD1-67EFC4A16C67}.Release|x86.Build.0 = Release|Any CPU
		{111B1D83-6443-4A98-987D-89F376223DF6}.Debug|Any CPU.ActiveCfg = Debug|Any CPU
		{111B1D83-6443-4A98-987D-89F376223DF6}.Debug|Any CPU.Build.0 = Debug|Any CPU
		{111B1D83-6443-4A98-987D-89F376223DF6}.Debug|iPhone.ActiveCfg = Debug|Any CPU
		{111B1D83-6443-4A98-987D-89F376223DF6}.Debug|iPhone.Build.0 = Debug|Any CPU
		{111B1D83-6443-4A98-987D-89F376223DF6}.Debug|iPhoneSimulator.ActiveCfg = Debug|Any CPU
		{111B1D83-6443-4A98-987D-89F376223DF6}.Debug|iPhoneSimulator.Build.0 = Debug|Any CPU
		{111B1D83-6443-4A98-987D-89F376223DF6}.Debug|x64.ActiveCfg = Debug|Any CPU
		{111B1D83-6443-4A98-987D-89F376223DF6}.Debug|x64.Build.0 = Debug|Any CPU
		{111B1D83-6443-4A98-987D-89F376223DF6}.Debug|x86.ActiveCfg = Debug|Any CPU
		{111B1D83-6443-4A98-987D-89F376223DF6}.Debug|x86.Build.0 = Debug|Any CPU
		{111B1D83-6443-4A98-987D-89F376223DF6}.Release|Any CPU.ActiveCfg = Release|Any CPU
		{111B1D83-6443-4A98-987D-89F376223DF6}.Release|Any CPU.Build.0 = Release|Any CPU
		{111B1D83-6443-4A98-987D-89F376223DF6}.Release|iPhone.ActiveCfg = Release|Any CPU
		{111B1D83-6443-4A98-987D-89F376223DF6}.Release|iPhone.Build.0 = Release|Any CPU
		{111B1D83-6443-4A98-987D-89F376223DF6}.Release|iPhoneSimulator.ActiveCfg = Release|Any CPU
		{111B1D83-6443-4A98-987D-89F376223DF6}.Release|iPhoneSimulator.Build.0 = Release|Any CPU
		{111B1D83-6443-4A98-987D-89F376223DF6}.Release|x64.ActiveCfg = Release|Any CPU
		{111B1D83-6443-4A98-987D-89F376223DF6}.Release|x64.Build.0 = Release|Any CPU
		{111B1D83-6443-4A98-987D-89F376223DF6}.Release|x86.ActiveCfg = Release|Any CPU
		{111B1D83-6443-4A98-987D-89F376223DF6}.Release|x86.Build.0 = Release|Any CPU
		{6B366A04-716D-4CDA-83FE-22392DE60B48}.Debug|Any CPU.ActiveCfg = Debug|Any CPU
		{6B366A04-716D-4CDA-83FE-22392DE60B48}.Debug|Any CPU.Build.0 = Debug|Any CPU
		{6B366A04-716D-4CDA-83FE-22392DE60B48}.Debug|iPhone.ActiveCfg = Debug|Any CPU
		{6B366A04-716D-4CDA-83FE-22392DE60B48}.Debug|iPhone.Build.0 = Debug|Any CPU
		{6B366A04-716D-4CDA-83FE-22392DE60B48}.Debug|iPhoneSimulator.ActiveCfg = Debug|Any CPU
		{6B366A04-716D-4CDA-83FE-22392DE60B48}.Debug|iPhoneSimulator.Build.0 = Debug|Any CPU
		{6B366A04-716D-4CDA-83FE-22392DE60B48}.Debug|x64.ActiveCfg = Debug|Any CPU
		{6B366A04-716D-4CDA-83FE-22392DE60B48}.Debug|x64.Build.0 = Debug|Any CPU
		{6B366A04-716D-4CDA-83FE-22392DE60B48}.Debug|x86.ActiveCfg = Debug|Any CPU
		{6B366A04-716D-4CDA-83FE-22392DE60B48}.Debug|x86.Build.0 = Debug|Any CPU
		{6B366A04-716D-4CDA-83FE-22392DE60B48}.Release|Any CPU.ActiveCfg = Release|Any CPU
		{6B366A04-716D-4CDA-83FE-22392DE60B48}.Release|Any CPU.Build.0 = Release|Any CPU
		{6B366A04-716D-4CDA-83FE-22392DE60B48}.Release|iPhone.ActiveCfg = Release|Any CPU
		{6B366A04-716D-4CDA-83FE-22392DE60B48}.Release|iPhone.Build.0 = Release|Any CPU
		{6B366A04-716D-4CDA-83FE-22392DE60B48}.Release|iPhoneSimulator.ActiveCfg = Release|Any CPU
		{6B366A04-716D-4CDA-83FE-22392DE60B48}.Release|iPhoneSimulator.Build.0 = Release|Any CPU
		{6B366A04-716D-4CDA-83FE-22392DE60B48}.Release|x64.ActiveCfg = Release|Any CPU
		{6B366A04-716D-4CDA-83FE-22392DE60B48}.Release|x64.Build.0 = Release|Any CPU
		{6B366A04-716D-4CDA-83FE-22392DE60B48}.Release|x86.ActiveCfg = Release|Any CPU
		{6B366A04-716D-4CDA-83FE-22392DE60B48}.Release|x86.Build.0 = Release|Any CPU
		{EDA4828B-5ACD-49E7-8400-359B214E22CD}.Debug|Any CPU.ActiveCfg = Debug|Any CPU
		{EDA4828B-5ACD-49E7-8400-359B214E22CD}.Debug|Any CPU.Build.0 = Debug|Any CPU
		{EDA4828B-5ACD-49E7-8400-359B214E22CD}.Debug|iPhone.ActiveCfg = Debug|Any CPU
		{EDA4828B-5ACD-49E7-8400-359B214E22CD}.Debug|iPhone.Build.0 = Debug|Any CPU
		{EDA4828B-5ACD-49E7-8400-359B214E22CD}.Debug|iPhoneSimulator.ActiveCfg = Debug|Any CPU
		{EDA4828B-5ACD-49E7-8400-359B214E22CD}.Debug|iPhoneSimulator.Build.0 = Debug|Any CPU
		{EDA4828B-5ACD-49E7-8400-359B214E22CD}.Debug|x64.ActiveCfg = Debug|Any CPU
		{EDA4828B-5ACD-49E7-8400-359B214E22CD}.Debug|x64.Build.0 = Debug|Any CPU
		{EDA4828B-5ACD-49E7-8400-359B214E22CD}.Debug|x86.ActiveCfg = Debug|Any CPU
		{EDA4828B-5ACD-49E7-8400-359B214E22CD}.Debug|x86.Build.0 = Debug|Any CPU
		{EDA4828B-5ACD-49E7-8400-359B214E22CD}.Release|Any CPU.ActiveCfg = Release|Any CPU
		{EDA4828B-5ACD-49E7-8400-359B214E22CD}.Release|Any CPU.Build.0 = Release|Any CPU
		{EDA4828B-5ACD-49E7-8400-359B214E22CD}.Release|iPhone.ActiveCfg = Release|Any CPU
		{EDA4828B-5ACD-49E7-8400-359B214E22CD}.Release|iPhone.Build.0 = Release|Any CPU
		{EDA4828B-5ACD-49E7-8400-359B214E22CD}.Release|iPhoneSimulator.ActiveCfg = Release|Any CPU
		{EDA4828B-5ACD-49E7-8400-359B214E22CD}.Release|iPhoneSimulator.Build.0 = Release|Any CPU
		{EDA4828B-5ACD-49E7-8400-359B214E22CD}.Release|x64.ActiveCfg = Release|Any CPU
		{EDA4828B-5ACD-49E7-8400-359B214E22CD}.Release|x64.Build.0 = Release|Any CPU
		{EDA4828B-5ACD-49E7-8400-359B214E22CD}.Release|x86.ActiveCfg = Release|Any CPU
		{EDA4828B-5ACD-49E7-8400-359B214E22CD}.Release|x86.Build.0 = Release|Any CPU
		{F6F3F28A-7DA4-4DB1-81C0-CC7A21D79380}.Debug|Any CPU.ActiveCfg = Debug|Any CPU
		{F6F3F28A-7DA4-4DB1-81C0-CC7A21D79380}.Debug|Any CPU.Build.0 = Debug|Any CPU
		{F6F3F28A-7DA4-4DB1-81C0-CC7A21D79380}.Debug|iPhone.ActiveCfg = Debug|Any CPU
		{F6F3F28A-7DA4-4DB1-81C0-CC7A21D79380}.Debug|iPhone.Build.0 = Debug|Any CPU
		{F6F3F28A-7DA4-4DB1-81C0-CC7A21D79380}.Debug|iPhoneSimulator.ActiveCfg = Debug|Any CPU
		{F6F3F28A-7DA4-4DB1-81C0-CC7A21D79380}.Debug|iPhoneSimulator.Build.0 = Debug|Any CPU
		{F6F3F28A-7DA4-4DB1-81C0-CC7A21D79380}.Debug|x64.ActiveCfg = Debug|Any CPU
		{F6F3F28A-7DA4-4DB1-81C0-CC7A21D79380}.Debug|x64.Build.0 = Debug|Any CPU
		{F6F3F28A-7DA4-4DB1-81C0-CC7A21D79380}.Debug|x86.ActiveCfg = Debug|Any CPU
		{F6F3F28A-7DA4-4DB1-81C0-CC7A21D79380}.Debug|x86.Build.0 = Debug|Any CPU
		{F6F3F28A-7DA4-4DB1-81C0-CC7A21D79380}.Release|Any CPU.ActiveCfg = Release|Any CPU
		{F6F3F28A-7DA4-4DB1-81C0-CC7A21D79380}.Release|Any CPU.Build.0 = Release|Any CPU
		{F6F3F28A-7DA4-4DB1-81C0-CC7A21D79380}.Release|iPhone.ActiveCfg = Release|Any CPU
		{F6F3F28A-7DA4-4DB1-81C0-CC7A21D79380}.Release|iPhone.Build.0 = Release|Any CPU
		{F6F3F28A-7DA4-4DB1-81C0-CC7A21D79380}.Release|iPhoneSimulator.ActiveCfg = Release|Any CPU
		{F6F3F28A-7DA4-4DB1-81C0-CC7A21D79380}.Release|iPhoneSimulator.Build.0 = Release|Any CPU
		{F6F3F28A-7DA4-4DB1-81C0-CC7A21D79380}.Release|x64.ActiveCfg = Release|Any CPU
		{F6F3F28A-7DA4-4DB1-81C0-CC7A21D79380}.Release|x64.Build.0 = Release|Any CPU
		{F6F3F28A-7DA4-4DB1-81C0-CC7A21D79380}.Release|x86.ActiveCfg = Release|Any CPU
		{F6F3F28A-7DA4-4DB1-81C0-CC7A21D79380}.Release|x86.Build.0 = Release|Any CPU
		{3A740735-6A29-4075-BDDF-95EA8B58EBC2}.Debug|Any CPU.ActiveCfg = Debug|Any CPU
		{3A740735-6A29-4075-BDDF-95EA8B58EBC2}.Debug|Any CPU.Build.0 = Debug|Any CPU
		{3A740735-6A29-4075-BDDF-95EA8B58EBC2}.Debug|iPhone.ActiveCfg = Debug|Any CPU
		{3A740735-6A29-4075-BDDF-95EA8B58EBC2}.Debug|iPhone.Build.0 = Debug|Any CPU
		{3A740735-6A29-4075-BDDF-95EA8B58EBC2}.Debug|iPhoneSimulator.ActiveCfg = Debug|Any CPU
		{3A740735-6A29-4075-BDDF-95EA8B58EBC2}.Debug|iPhoneSimulator.Build.0 = Debug|Any CPU
		{3A740735-6A29-4075-BDDF-95EA8B58EBC2}.Debug|x64.ActiveCfg = Debug|Any CPU
		{3A740735-6A29-4075-BDDF-95EA8B58EBC2}.Debug|x64.Build.0 = Debug|Any CPU
		{3A740735-6A29-4075-BDDF-95EA8B58EBC2}.Debug|x86.ActiveCfg = Debug|Any CPU
		{3A740735-6A29-4075-BDDF-95EA8B58EBC2}.Debug|x86.Build.0 = Debug|Any CPU
		{3A740735-6A29-4075-BDDF-95EA8B58EBC2}.Release|Any CPU.ActiveCfg = Release|Any CPU
		{3A740735-6A29-4075-BDDF-95EA8B58EBC2}.Release|Any CPU.Build.0 = Release|Any CPU
		{3A740735-6A29-4075-BDDF-95EA8B58EBC2}.Release|iPhone.ActiveCfg = Release|Any CPU
		{3A740735-6A29-4075-BDDF-95EA8B58EBC2}.Release|iPhone.Build.0 = Release|Any CPU
		{3A740735-6A29-4075-BDDF-95EA8B58EBC2}.Release|iPhoneSimulator.ActiveCfg = Release|Any CPU
		{3A740735-6A29-4075-BDDF-95EA8B58EBC2}.Release|iPhoneSimulator.Build.0 = Release|Any CPU
		{3A740735-6A29-4075-BDDF-95EA8B58EBC2}.Release|x64.ActiveCfg = Release|Any CPU
		{3A740735-6A29-4075-BDDF-95EA8B58EBC2}.Release|x64.Build.0 = Release|Any CPU
		{3A740735-6A29-4075-BDDF-95EA8B58EBC2}.Release|x86.ActiveCfg = Release|Any CPU
		{3A740735-6A29-4075-BDDF-95EA8B58EBC2}.Release|x86.Build.0 = Release|Any CPU
		{E3277832-19C5-4D0B-9DF2-DCAEF984BDCC}.Debug|Any CPU.ActiveCfg = Debug|Any CPU
		{E3277832-19C5-4D0B-9DF2-DCAEF984BDCC}.Debug|Any CPU.Build.0 = Debug|Any CPU
		{E3277832-19C5-4D0B-9DF2-DCAEF984BDCC}.Debug|iPhone.ActiveCfg = Debug|Any CPU
		{E3277832-19C5-4D0B-9DF2-DCAEF984BDCC}.Debug|iPhone.Build.0 = Debug|Any CPU
		{E3277832-19C5-4D0B-9DF2-DCAEF984BDCC}.Debug|iPhoneSimulator.ActiveCfg = Debug|Any CPU
		{E3277832-19C5-4D0B-9DF2-DCAEF984BDCC}.Debug|iPhoneSimulator.Build.0 = Debug|Any CPU
		{E3277832-19C5-4D0B-9DF2-DCAEF984BDCC}.Debug|x64.ActiveCfg = Debug|Any CPU
		{E3277832-19C5-4D0B-9DF2-DCAEF984BDCC}.Debug|x64.Build.0 = Debug|Any CPU
		{E3277832-19C5-4D0B-9DF2-DCAEF984BDCC}.Debug|x86.ActiveCfg = Debug|Any CPU
		{E3277832-19C5-4D0B-9DF2-DCAEF984BDCC}.Debug|x86.Build.0 = Debug|Any CPU
		{E3277832-19C5-4D0B-9DF2-DCAEF984BDCC}.Release|Any CPU.ActiveCfg = Release|Any CPU
		{E3277832-19C5-4D0B-9DF2-DCAEF984BDCC}.Release|Any CPU.Build.0 = Release|Any CPU
		{E3277832-19C5-4D0B-9DF2-DCAEF984BDCC}.Release|iPhone.ActiveCfg = Release|Any CPU
		{E3277832-19C5-4D0B-9DF2-DCAEF984BDCC}.Release|iPhone.Build.0 = Release|Any CPU
		{E3277832-19C5-4D0B-9DF2-DCAEF984BDCC}.Release|iPhoneSimulator.ActiveCfg = Release|Any CPU
		{E3277832-19C5-4D0B-9DF2-DCAEF984BDCC}.Release|iPhoneSimulator.Build.0 = Release|Any CPU
		{E3277832-19C5-4D0B-9DF2-DCAEF984BDCC}.Release|x64.ActiveCfg = Release|Any CPU
		{E3277832-19C5-4D0B-9DF2-DCAEF984BDCC}.Release|x64.Build.0 = Release|Any CPU
		{E3277832-19C5-4D0B-9DF2-DCAEF984BDCC}.Release|x86.ActiveCfg = Release|Any CPU
		{E3277832-19C5-4D0B-9DF2-DCAEF984BDCC}.Release|x86.Build.0 = Release|Any CPU
		{D2FDB28C-486C-4A89-865A-2BC602BD06B4}.Debug|Any CPU.ActiveCfg = Debug|Any CPU
		{D2FDB28C-486C-4A89-865A-2BC602BD06B4}.Debug|Any CPU.Build.0 = Debug|Any CPU
		{D2FDB28C-486C-4A89-865A-2BC602BD06B4}.Debug|iPhone.ActiveCfg = Debug|Any CPU
		{D2FDB28C-486C-4A89-865A-2BC602BD06B4}.Debug|iPhone.Build.0 = Debug|Any CPU
		{D2FDB28C-486C-4A89-865A-2BC602BD06B4}.Debug|iPhoneSimulator.ActiveCfg = Debug|Any CPU
		{D2FDB28C-486C-4A89-865A-2BC602BD06B4}.Debug|iPhoneSimulator.Build.0 = Debug|Any CPU
		{D2FDB28C-486C-4A89-865A-2BC602BD06B4}.Debug|x64.ActiveCfg = Debug|Any CPU
		{D2FDB28C-486C-4A89-865A-2BC602BD06B4}.Debug|x64.Build.0 = Debug|Any CPU
		{D2FDB28C-486C-4A89-865A-2BC602BD06B4}.Debug|x86.ActiveCfg = Debug|Any CPU
		{D2FDB28C-486C-4A89-865A-2BC602BD06B4}.Debug|x86.Build.0 = Debug|Any CPU
		{D2FDB28C-486C-4A89-865A-2BC602BD06B4}.Release|Any CPU.ActiveCfg = Release|Any CPU
		{D2FDB28C-486C-4A89-865A-2BC602BD06B4}.Release|Any CPU.Build.0 = Release|Any CPU
		{D2FDB28C-486C-4A89-865A-2BC602BD06B4}.Release|iPhone.ActiveCfg = Release|Any CPU
		{D2FDB28C-486C-4A89-865A-2BC602BD06B4}.Release|iPhone.Build.0 = Release|Any CPU
		{D2FDB28C-486C-4A89-865A-2BC602BD06B4}.Release|iPhoneSimulator.ActiveCfg = Release|Any CPU
		{D2FDB28C-486C-4A89-865A-2BC602BD06B4}.Release|iPhoneSimulator.Build.0 = Release|Any CPU
		{D2FDB28C-486C-4A89-865A-2BC602BD06B4}.Release|x64.ActiveCfg = Release|Any CPU
		{D2FDB28C-486C-4A89-865A-2BC602BD06B4}.Release|x64.Build.0 = Release|Any CPU
		{D2FDB28C-486C-4A89-865A-2BC602BD06B4}.Release|x86.ActiveCfg = Release|Any CPU
		{D2FDB28C-486C-4A89-865A-2BC602BD06B4}.Release|x86.Build.0 = Release|Any CPU
		{E50222FC-EA66-4688-A4CB-C1116C2E188B}.Debug|Any CPU.ActiveCfg = Debug|Any CPU
		{E50222FC-EA66-4688-A4CB-C1116C2E188B}.Debug|Any CPU.Build.0 = Debug|Any CPU
		{E50222FC-EA66-4688-A4CB-C1116C2E188B}.Debug|iPhone.ActiveCfg = Debug|Any CPU
		{E50222FC-EA66-4688-A4CB-C1116C2E188B}.Debug|iPhone.Build.0 = Debug|Any CPU
		{E50222FC-EA66-4688-A4CB-C1116C2E188B}.Debug|iPhoneSimulator.ActiveCfg = Debug|Any CPU
		{E50222FC-EA66-4688-A4CB-C1116C2E188B}.Debug|iPhoneSimulator.Build.0 = Debug|Any CPU
		{E50222FC-EA66-4688-A4CB-C1116C2E188B}.Debug|x64.ActiveCfg = Debug|Any CPU
		{E50222FC-EA66-4688-A4CB-C1116C2E188B}.Debug|x64.Build.0 = Debug|Any CPU
		{E50222FC-EA66-4688-A4CB-C1116C2E188B}.Debug|x86.ActiveCfg = Debug|Any CPU
		{E50222FC-EA66-4688-A4CB-C1116C2E188B}.Debug|x86.Build.0 = Debug|Any CPU
		{E50222FC-EA66-4688-A4CB-C1116C2E188B}.Release|Any CPU.ActiveCfg = Release|Any CPU
		{E50222FC-EA66-4688-A4CB-C1116C2E188B}.Release|Any CPU.Build.0 = Release|Any CPU
		{E50222FC-EA66-4688-A4CB-C1116C2E188B}.Release|iPhone.ActiveCfg = Release|Any CPU
		{E50222FC-EA66-4688-A4CB-C1116C2E188B}.Release|iPhone.Build.0 = Release|Any CPU
		{E50222FC-EA66-4688-A4CB-C1116C2E188B}.Release|iPhoneSimulator.ActiveCfg = Release|Any CPU
		{E50222FC-EA66-4688-A4CB-C1116C2E188B}.Release|iPhoneSimulator.Build.0 = Release|Any CPU
		{E50222FC-EA66-4688-A4CB-C1116C2E188B}.Release|x64.ActiveCfg = Release|Any CPU
		{E50222FC-EA66-4688-A4CB-C1116C2E188B}.Release|x64.Build.0 = Release|Any CPU
		{E50222FC-EA66-4688-A4CB-C1116C2E188B}.Release|x86.ActiveCfg = Release|Any CPU
		{E50222FC-EA66-4688-A4CB-C1116C2E188B}.Release|x86.Build.0 = Release|Any CPU
		{E7C4E084-7DA4-46A2-B871-9070D4A4556C}.Debug|Any CPU.ActiveCfg = Debug|Any CPU
		{E7C4E084-7DA4-46A2-B871-9070D4A4556C}.Debug|Any CPU.Build.0 = Debug|Any CPU
		{E7C4E084-7DA4-46A2-B871-9070D4A4556C}.Debug|Any CPU.Deploy.0 = Debug|Any CPU
		{E7C4E084-7DA4-46A2-B871-9070D4A4556C}.Debug|iPhone.ActiveCfg = Debug|Any CPU
		{E7C4E084-7DA4-46A2-B871-9070D4A4556C}.Debug|iPhone.Build.0 = Debug|Any CPU
		{E7C4E084-7DA4-46A2-B871-9070D4A4556C}.Debug|iPhone.Deploy.0 = Debug|Any CPU
		{E7C4E084-7DA4-46A2-B871-9070D4A4556C}.Debug|iPhoneSimulator.ActiveCfg = Debug|Any CPU
		{E7C4E084-7DA4-46A2-B871-9070D4A4556C}.Debug|iPhoneSimulator.Build.0 = Debug|Any CPU
		{E7C4E084-7DA4-46A2-B871-9070D4A4556C}.Debug|iPhoneSimulator.Deploy.0 = Debug|Any CPU
		{E7C4E084-7DA4-46A2-B871-9070D4A4556C}.Debug|x64.ActiveCfg = Debug|Any CPU
		{E7C4E084-7DA4-46A2-B871-9070D4A4556C}.Debug|x64.Build.0 = Debug|Any CPU
		{E7C4E084-7DA4-46A2-B871-9070D4A4556C}.Debug|x64.Deploy.0 = Debug|Any CPU
		{E7C4E084-7DA4-46A2-B871-9070D4A4556C}.Debug|x86.ActiveCfg = Debug|Any CPU
		{E7C4E084-7DA4-46A2-B871-9070D4A4556C}.Debug|x86.Build.0 = Debug|Any CPU
		{E7C4E084-7DA4-46A2-B871-9070D4A4556C}.Debug|x86.Deploy.0 = Debug|Any CPU
		{E7C4E084-7DA4-46A2-B871-9070D4A4556C}.Release|Any CPU.ActiveCfg = Release|Any CPU
		{E7C4E084-7DA4-46A2-B871-9070D4A4556C}.Release|Any CPU.Build.0 = Release|Any CPU
		{E7C4E084-7DA4-46A2-B871-9070D4A4556C}.Release|Any CPU.Deploy.0 = Release|Any CPU
		{E7C4E084-7DA4-46A2-B871-9070D4A4556C}.Release|iPhone.ActiveCfg = Release|Any CPU
		{E7C4E084-7DA4-46A2-B871-9070D4A4556C}.Release|iPhone.Build.0 = Release|Any CPU
		{E7C4E084-7DA4-46A2-B871-9070D4A4556C}.Release|iPhone.Deploy.0 = Release|Any CPU
		{E7C4E084-7DA4-46A2-B871-9070D4A4556C}.Release|iPhoneSimulator.ActiveCfg = Release|Any CPU
		{E7C4E084-7DA4-46A2-B871-9070D4A4556C}.Release|iPhoneSimulator.Build.0 = Release|Any CPU
		{E7C4E084-7DA4-46A2-B871-9070D4A4556C}.Release|iPhoneSimulator.Deploy.0 = Release|Any CPU
		{E7C4E084-7DA4-46A2-B871-9070D4A4556C}.Release|x64.ActiveCfg = Release|Any CPU
		{E7C4E084-7DA4-46A2-B871-9070D4A4556C}.Release|x64.Build.0 = Release|Any CPU
		{E7C4E084-7DA4-46A2-B871-9070D4A4556C}.Release|x64.Deploy.0 = Release|Any CPU
		{E7C4E084-7DA4-46A2-B871-9070D4A4556C}.Release|x86.ActiveCfg = Release|Any CPU
		{E7C4E084-7DA4-46A2-B871-9070D4A4556C}.Release|x86.Build.0 = Release|Any CPU
		{E7C4E084-7DA4-46A2-B871-9070D4A4556C}.Release|x86.Deploy.0 = Release|Any CPU
		{5639EB22-B7B3-4F11-B517-CEA80851DC30}.Debug|Any CPU.ActiveCfg = Debug|iPhoneSimulator
		{5639EB22-B7B3-4F11-B517-CEA80851DC30}.Debug|iPhone.ActiveCfg = Debug|iPhone
		{5639EB22-B7B3-4F11-B517-CEA80851DC30}.Debug|iPhone.Build.0 = Debug|iPhone
		{5639EB22-B7B3-4F11-B517-CEA80851DC30}.Debug|iPhoneSimulator.ActiveCfg = Debug|iPhoneSimulator
		{5639EB22-B7B3-4F11-B517-CEA80851DC30}.Debug|iPhoneSimulator.Build.0 = Debug|iPhoneSimulator
		{5639EB22-B7B3-4F11-B517-CEA80851DC30}.Debug|x64.ActiveCfg = Debug|iPhoneSimulator
		{5639EB22-B7B3-4F11-B517-CEA80851DC30}.Debug|x86.ActiveCfg = Debug|iPhoneSimulator
		{5639EB22-B7B3-4F11-B517-CEA80851DC30}.Release|Any CPU.ActiveCfg = Release|iPhoneSimulator
		{5639EB22-B7B3-4F11-B517-CEA80851DC30}.Release|iPhone.ActiveCfg = Release|iPhone
		{5639EB22-B7B3-4F11-B517-CEA80851DC30}.Release|iPhone.Build.0 = Release|iPhone
		{5639EB22-B7B3-4F11-B517-CEA80851DC30}.Release|iPhoneSimulator.ActiveCfg = Release|iPhoneSimulator
		{5639EB22-B7B3-4F11-B517-CEA80851DC30}.Release|iPhoneSimulator.Build.0 = Release|iPhoneSimulator
		{5639EB22-B7B3-4F11-B517-CEA80851DC30}.Release|x64.ActiveCfg = Release|iPhoneSimulator
		{5639EB22-B7B3-4F11-B517-CEA80851DC30}.Release|x86.ActiveCfg = Release|iPhoneSimulator
		{85A8138D-041E-4A32-96A5-F357A0AB55BC}.Debug|Any CPU.ActiveCfg = Debug|Any CPU
		{85A8138D-041E-4A32-96A5-F357A0AB55BC}.Debug|Any CPU.Build.0 = Debug|Any CPU
		{85A8138D-041E-4A32-96A5-F357A0AB55BC}.Debug|iPhone.ActiveCfg = Debug|Any CPU
		{85A8138D-041E-4A32-96A5-F357A0AB55BC}.Debug|iPhone.Build.0 = Debug|Any CPU
		{85A8138D-041E-4A32-96A5-F357A0AB55BC}.Debug|iPhoneSimulator.ActiveCfg = Debug|Any CPU
		{85A8138D-041E-4A32-96A5-F357A0AB55BC}.Debug|iPhoneSimulator.Build.0 = Debug|Any CPU
		{85A8138D-041E-4A32-96A5-F357A0AB55BC}.Debug|x64.ActiveCfg = Debug|Any CPU
		{85A8138D-041E-4A32-96A5-F357A0AB55BC}.Debug|x64.Build.0 = Debug|Any CPU
		{85A8138D-041E-4A32-96A5-F357A0AB55BC}.Debug|x86.ActiveCfg = Debug|Any CPU
		{85A8138D-041E-4A32-96A5-F357A0AB55BC}.Debug|x86.Build.0 = Debug|Any CPU
		{85A8138D-041E-4A32-96A5-F357A0AB55BC}.Release|Any CPU.ActiveCfg = Release|Any CPU
		{85A8138D-041E-4A32-96A5-F357A0AB55BC}.Release|Any CPU.Build.0 = Release|Any CPU
		{85A8138D-041E-4A32-96A5-F357A0AB55BC}.Release|iPhone.ActiveCfg = Release|Any CPU
		{85A8138D-041E-4A32-96A5-F357A0AB55BC}.Release|iPhone.Build.0 = Release|Any CPU
		{85A8138D-041E-4A32-96A5-F357A0AB55BC}.Release|iPhoneSimulator.ActiveCfg = Release|Any CPU
		{85A8138D-041E-4A32-96A5-F357A0AB55BC}.Release|iPhoneSimulator.Build.0 = Release|Any CPU
		{85A8138D-041E-4A32-96A5-F357A0AB55BC}.Release|x64.ActiveCfg = Release|Any CPU
		{85A8138D-041E-4A32-96A5-F357A0AB55BC}.Release|x64.Build.0 = Release|Any CPU
		{85A8138D-041E-4A32-96A5-F357A0AB55BC}.Release|x86.ActiveCfg = Release|Any CPU
		{85A8138D-041E-4A32-96A5-F357A0AB55BC}.Release|x86.Build.0 = Release|Any CPU
		{F5825850-8190-44AB-B142-C5F904A9CC40}.Debug|Any CPU.ActiveCfg = Debug|Any CPU
		{F5825850-8190-44AB-B142-C5F904A9CC40}.Debug|Any CPU.Build.0 = Debug|Any CPU
		{F5825850-8190-44AB-B142-C5F904A9CC40}.Debug|Any CPU.Deploy.0 = Debug|Any CPU
		{F5825850-8190-44AB-B142-C5F904A9CC40}.Debug|iPhone.ActiveCfg = Debug|Any CPU
		{F5825850-8190-44AB-B142-C5F904A9CC40}.Debug|iPhone.Build.0 = Debug|Any CPU
		{F5825850-8190-44AB-B142-C5F904A9CC40}.Debug|iPhone.Deploy.0 = Debug|Any CPU
		{F5825850-8190-44AB-B142-C5F904A9CC40}.Debug|iPhoneSimulator.ActiveCfg = Debug|Any CPU
		{F5825850-8190-44AB-B142-C5F904A9CC40}.Debug|iPhoneSimulator.Build.0 = Debug|Any CPU
		{F5825850-8190-44AB-B142-C5F904A9CC40}.Debug|iPhoneSimulator.Deploy.0 = Debug|Any CPU
		{F5825850-8190-44AB-B142-C5F904A9CC40}.Debug|x64.ActiveCfg = Debug|Any CPU
		{F5825850-8190-44AB-B142-C5F904A9CC40}.Debug|x64.Build.0 = Debug|Any CPU
		{F5825850-8190-44AB-B142-C5F904A9CC40}.Debug|x64.Deploy.0 = Debug|Any CPU
		{F5825850-8190-44AB-B142-C5F904A9CC40}.Debug|x86.ActiveCfg = Debug|Any CPU
		{F5825850-8190-44AB-B142-C5F904A9CC40}.Debug|x86.Build.0 = Debug|Any CPU
		{F5825850-8190-44AB-B142-C5F904A9CC40}.Debug|x86.Deploy.0 = Debug|Any CPU
		{F5825850-8190-44AB-B142-C5F904A9CC40}.Release|Any CPU.ActiveCfg = Release|Any CPU
		{F5825850-8190-44AB-B142-C5F904A9CC40}.Release|Any CPU.Build.0 = Release|Any CPU
		{F5825850-8190-44AB-B142-C5F904A9CC40}.Release|Any CPU.Deploy.0 = Release|Any CPU
		{F5825850-8190-44AB-B142-C5F904A9CC40}.Release|iPhone.ActiveCfg = Release|Any CPU
		{F5825850-8190-44AB-B142-C5F904A9CC40}.Release|iPhone.Build.0 = Release|Any CPU
		{F5825850-8190-44AB-B142-C5F904A9CC40}.Release|iPhone.Deploy.0 = Release|Any CPU
		{F5825850-8190-44AB-B142-C5F904A9CC40}.Release|iPhoneSimulator.ActiveCfg = Release|Any CPU
		{F5825850-8190-44AB-B142-C5F904A9CC40}.Release|iPhoneSimulator.Build.0 = Release|Any CPU
		{F5825850-8190-44AB-B142-C5F904A9CC40}.Release|iPhoneSimulator.Deploy.0 = Release|Any CPU
		{F5825850-8190-44AB-B142-C5F904A9CC40}.Release|x64.ActiveCfg = Release|Any CPU
		{F5825850-8190-44AB-B142-C5F904A9CC40}.Release|x64.Build.0 = Release|Any CPU
		{F5825850-8190-44AB-B142-C5F904A9CC40}.Release|x64.Deploy.0 = Release|Any CPU
		{F5825850-8190-44AB-B142-C5F904A9CC40}.Release|x86.ActiveCfg = Release|Any CPU
		{F5825850-8190-44AB-B142-C5F904A9CC40}.Release|x86.Build.0 = Release|Any CPU
		{F5825850-8190-44AB-B142-C5F904A9CC40}.Release|x86.Deploy.0 = Release|Any CPU
		{C78F234C-1DFF-4028-8C2F-3D2F2C0C4921}.Debug|Any CPU.ActiveCfg = Debug|Any CPU
		{C78F234C-1DFF-4028-8C2F-3D2F2C0C4921}.Debug|Any CPU.Build.0 = Debug|Any CPU
		{C78F234C-1DFF-4028-8C2F-3D2F2C0C4921}.Debug|iPhone.ActiveCfg = Debug|Any CPU
		{C78F234C-1DFF-4028-8C2F-3D2F2C0C4921}.Debug|iPhone.Build.0 = Debug|Any CPU
		{C78F234C-1DFF-4028-8C2F-3D2F2C0C4921}.Debug|iPhoneSimulator.ActiveCfg = Debug|Any CPU
		{C78F234C-1DFF-4028-8C2F-3D2F2C0C4921}.Debug|iPhoneSimulator.Build.0 = Debug|Any CPU
		{C78F234C-1DFF-4028-8C2F-3D2F2C0C4921}.Debug|x64.ActiveCfg = Debug|Any CPU
		{C78F234C-1DFF-4028-8C2F-3D2F2C0C4921}.Debug|x64.Build.0 = Debug|Any CPU
		{C78F234C-1DFF-4028-8C2F-3D2F2C0C4921}.Debug|x86.ActiveCfg = Debug|Any CPU
		{C78F234C-1DFF-4028-8C2F-3D2F2C0C4921}.Debug|x86.Build.0 = Debug|Any CPU
		{C78F234C-1DFF-4028-8C2F-3D2F2C0C4921}.Release|Any CPU.ActiveCfg = Release|Any CPU
		{C78F234C-1DFF-4028-8C2F-3D2F2C0C4921}.Release|Any CPU.Build.0 = Release|Any CPU
		{C78F234C-1DFF-4028-8C2F-3D2F2C0C4921}.Release|iPhone.ActiveCfg = Release|Any CPU
		{C78F234C-1DFF-4028-8C2F-3D2F2C0C4921}.Release|iPhone.Build.0 = Release|Any CPU
		{C78F234C-1DFF-4028-8C2F-3D2F2C0C4921}.Release|iPhoneSimulator.ActiveCfg = Release|Any CPU
		{C78F234C-1DFF-4028-8C2F-3D2F2C0C4921}.Release|iPhoneSimulator.Build.0 = Release|Any CPU
		{C78F234C-1DFF-4028-8C2F-3D2F2C0C4921}.Release|x64.ActiveCfg = Release|Any CPU
		{C78F234C-1DFF-4028-8C2F-3D2F2C0C4921}.Release|x64.Build.0 = Release|Any CPU
		{C78F234C-1DFF-4028-8C2F-3D2F2C0C4921}.Release|x86.ActiveCfg = Release|Any CPU
		{C78F234C-1DFF-4028-8C2F-3D2F2C0C4921}.Release|x86.Build.0 = Release|Any CPU
		{DFFAB30A-EA66-47D7-A465-EE59A5A14B5E}.Debug|Any CPU.ActiveCfg = Debug|Any CPU
		{DFFAB30A-EA66-47D7-A465-EE59A5A14B5E}.Debug|Any CPU.Build.0 = Debug|Any CPU
		{DFFAB30A-EA66-47D7-A465-EE59A5A14B5E}.Debug|Any CPU.Deploy.0 = Debug|Any CPU
		{DFFAB30A-EA66-47D7-A465-EE59A5A14B5E}.Debug|iPhone.ActiveCfg = Debug|Any CPU
		{DFFAB30A-EA66-47D7-A465-EE59A5A14B5E}.Debug|iPhone.Build.0 = Debug|Any CPU
		{DFFAB30A-EA66-47D7-A465-EE59A5A14B5E}.Debug|iPhone.Deploy.0 = Debug|Any CPU
		{DFFAB30A-EA66-47D7-A465-EE59A5A14B5E}.Debug|iPhoneSimulator.ActiveCfg = Debug|Any CPU
		{DFFAB30A-EA66-47D7-A465-EE59A5A14B5E}.Debug|iPhoneSimulator.Build.0 = Debug|Any CPU
		{DFFAB30A-EA66-47D7-A465-EE59A5A14B5E}.Debug|iPhoneSimulator.Deploy.0 = Debug|Any CPU
		{DFFAB30A-EA66-47D7-A465-EE59A5A14B5E}.Debug|x64.ActiveCfg = Debug|Any CPU
		{DFFAB30A-EA66-47D7-A465-EE59A5A14B5E}.Debug|x64.Build.0 = Debug|Any CPU
		{DFFAB30A-EA66-47D7-A465-EE59A5A14B5E}.Debug|x64.Deploy.0 = Debug|Any CPU
		{DFFAB30A-EA66-47D7-A465-EE59A5A14B5E}.Debug|x86.ActiveCfg = Debug|Any CPU
		{DFFAB30A-EA66-47D7-A465-EE59A5A14B5E}.Debug|x86.Build.0 = Debug|Any CPU
		{DFFAB30A-EA66-47D7-A465-EE59A5A14B5E}.Debug|x86.Deploy.0 = Debug|Any CPU
		{DFFAB30A-EA66-47D7-A465-EE59A5A14B5E}.Release|Any CPU.ActiveCfg = Release|Any CPU
		{DFFAB30A-EA66-47D7-A465-EE59A5A14B5E}.Release|Any CPU.Build.0 = Release|Any CPU
		{DFFAB30A-EA66-47D7-A465-EE59A5A14B5E}.Release|Any CPU.Deploy.0 = Release|Any CPU
		{DFFAB30A-EA66-47D7-A465-EE59A5A14B5E}.Release|iPhone.ActiveCfg = Release|Any CPU
		{DFFAB30A-EA66-47D7-A465-EE59A5A14B5E}.Release|iPhone.Build.0 = Release|Any CPU
		{DFFAB30A-EA66-47D7-A465-EE59A5A14B5E}.Release|iPhone.Deploy.0 = Release|Any CPU
		{DFFAB30A-EA66-47D7-A465-EE59A5A14B5E}.Release|iPhoneSimulator.ActiveCfg = Release|Any CPU
		{DFFAB30A-EA66-47D7-A465-EE59A5A14B5E}.Release|iPhoneSimulator.Build.0 = Release|Any CPU
		{DFFAB30A-EA66-47D7-A465-EE59A5A14B5E}.Release|iPhoneSimulator.Deploy.0 = Release|Any CPU
		{DFFAB30A-EA66-47D7-A465-EE59A5A14B5E}.Release|x64.ActiveCfg = Release|Any CPU
		{DFFAB30A-EA66-47D7-A465-EE59A5A14B5E}.Release|x64.Build.0 = Release|Any CPU
		{DFFAB30A-EA66-47D7-A465-EE59A5A14B5E}.Release|x64.Deploy.0 = Release|Any CPU
		{DFFAB30A-EA66-47D7-A465-EE59A5A14B5E}.Release|x86.ActiveCfg = Release|Any CPU
		{DFFAB30A-EA66-47D7-A465-EE59A5A14B5E}.Release|x86.Build.0 = Release|Any CPU
		{DFFAB30A-EA66-47D7-A465-EE59A5A14B5E}.Release|x86.Deploy.0 = Release|Any CPU
		{FBA73FE4-DF60-4BB7-A22A-CC7D819F8EBE}.Debug|Any CPU.ActiveCfg = Debug|Any CPU
		{FBA73FE4-DF60-4BB7-A22A-CC7D819F8EBE}.Debug|Any CPU.Build.0 = Debug|Any CPU
		{FBA73FE4-DF60-4BB7-A22A-CC7D819F8EBE}.Debug|iPhone.ActiveCfg = Debug|Any CPU
		{FBA73FE4-DF60-4BB7-A22A-CC7D819F8EBE}.Debug|iPhone.Build.0 = Debug|Any CPU
		{FBA73FE4-DF60-4BB7-A22A-CC7D819F8EBE}.Debug|iPhoneSimulator.ActiveCfg = Debug|Any CPU
		{FBA73FE4-DF60-4BB7-A22A-CC7D819F8EBE}.Debug|iPhoneSimulator.Build.0 = Debug|Any CPU
		{FBA73FE4-DF60-4BB7-A22A-CC7D819F8EBE}.Debug|x64.ActiveCfg = Debug|Any CPU
		{FBA73FE4-DF60-4BB7-A22A-CC7D819F8EBE}.Debug|x64.Build.0 = Debug|Any CPU
		{FBA73FE4-DF60-4BB7-A22A-CC7D819F8EBE}.Debug|x86.ActiveCfg = Debug|Any CPU
		{FBA73FE4-DF60-4BB7-A22A-CC7D819F8EBE}.Debug|x86.Build.0 = Debug|Any CPU
		{FBA73FE4-DF60-4BB7-A22A-CC7D819F8EBE}.Release|Any CPU.ActiveCfg = Release|Any CPU
		{FBA73FE4-DF60-4BB7-A22A-CC7D819F8EBE}.Release|Any CPU.Build.0 = Release|Any CPU
		{FBA73FE4-DF60-4BB7-A22A-CC7D819F8EBE}.Release|iPhone.ActiveCfg = Release|Any CPU
		{FBA73FE4-DF60-4BB7-A22A-CC7D819F8EBE}.Release|iPhone.Build.0 = Release|Any CPU
		{FBA73FE4-DF60-4BB7-A22A-CC7D819F8EBE}.Release|iPhoneSimulator.ActiveCfg = Release|Any CPU
		{FBA73FE4-DF60-4BB7-A22A-CC7D819F8EBE}.Release|iPhoneSimulator.Build.0 = Release|Any CPU
		{FBA73FE4-DF60-4BB7-A22A-CC7D819F8EBE}.Release|x64.ActiveCfg = Release|Any CPU
		{FBA73FE4-DF60-4BB7-A22A-CC7D819F8EBE}.Release|x64.Build.0 = Release|Any CPU
		{FBA73FE4-DF60-4BB7-A22A-CC7D819F8EBE}.Release|x86.ActiveCfg = Release|Any CPU
		{FBA73FE4-DF60-4BB7-A22A-CC7D819F8EBE}.Release|x86.Build.0 = Release|Any CPU
	EndGlobalSection
	GlobalSection(SolutionProperties) = preSolution
		HideSolutionNode = FALSE
	EndGlobalSection
	GlobalSection(NestedProjects) = preSolution
		{0E002ABA-A992-40D4-9FC1-19C36CA22C61} = {D636D8AD-DC26-4DEB-9E93-91E2A9950C68}
		{F6D6BA61-A017-4B9F-B974-49FB6863945F} = {D636D8AD-DC26-4DEB-9E93-91E2A9950C68}
		{4898F31A-03BE-497E-8DCD-BE5F0718411B} = {D636D8AD-DC26-4DEB-9E93-91E2A9950C68}
		{BDC398D3-5D39-4FE5-9DE4-944B05255F74} = {D636D8AD-DC26-4DEB-9E93-91E2A9950C68}
		{F0DF5785-F06B-4CDA-8B0C-9AE96E268427} = {D636D8AD-DC26-4DEB-9E93-91E2A9950C68}
		{7468205C-988F-4E1A-B7FA-3F15AEB94981} = {D636D8AD-DC26-4DEB-9E93-91E2A9950C68}
		{987CE492-1855-416B-AFCF-A4D430B17CB9} = {D636D8AD-DC26-4DEB-9E93-91E2A9950C68}
		{4B425721-04C8-47F8-AACC-65F0FDED53EA} = {D636D8AD-DC26-4DEB-9E93-91E2A9950C68}
		{A00D858E-A774-4C6F-BA78-90048F0C74CF} = {A17E7105-AAE4-459D-B404-711BF92907C1}
		{14EB78CC-ACDC-4F5B-B1E1-37EF4CE09563} = {A17E7105-AAE4-459D-B404-711BF92907C1}
		{DCFB0A89-85AE-41DE-966B-EADDA0430C12} = {A17E7105-AAE4-459D-B404-711BF92907C1}
		{34BE69DF-8820-4AC9-A5DA-041E13A4855F} = {A17E7105-AAE4-459D-B404-711BF92907C1}
		{6FD17412-2079-401B-96A6-20853A8A8733} = {A17E7105-AAE4-459D-B404-711BF92907C1}
		{96866D19-5CA7-46FD-9569-012942CABEE9} = {A17E7105-AAE4-459D-B404-711BF92907C1}
		{A7B69789-0E4B-4AFF-A0CF-333071432C4F} = {A17E7105-AAE4-459D-B404-711BF92907C1}
		{0EFEAD8D-A885-4283-B5C3-05709D404B66} = {574997CA-E5DA-4581-A9C4-E654ACFCC515}
		{E759611F-4116-4BF8-8720-7E859C6667B0} = {574997CA-E5DA-4581-A9C4-E654ACFCC515}
		{AA0EC9C7-E47C-4DDC-973D-563BA2A0BD2F} = {574997CA-E5DA-4581-A9C4-E654ACFCC515}
		{109E8737-66A7-488C-97CB-D1D6221E9ADE} = {574997CA-E5DA-4581-A9C4-E654ACFCC515}
		{4D148524-95BE-4A42-A409-B561443F5795} = {574997CA-E5DA-4581-A9C4-E654ACFCC515}
		{5B94EB29-73E2-40DE-AA0B-0AE60F4032CA} = {574997CA-E5DA-4581-A9C4-E654ACFCC515}
		{686EA366-6BF8-4669-BBD1-67EFC4A16C67} = {574997CA-E5DA-4581-A9C4-E654ACFCC515}
		{111B1D83-6443-4A98-987D-89F376223DF6} = {574997CA-E5DA-4581-A9C4-E654ACFCC515}
		{6B366A04-716D-4CDA-83FE-22392DE60B48} = {574997CA-E5DA-4581-A9C4-E654ACFCC515}
		{EDA4828B-5ACD-49E7-8400-359B214E22CD} = {574997CA-E5DA-4581-A9C4-E654ACFCC515}
		{F6F3F28A-7DA4-4DB1-81C0-CC7A21D79380} = {574997CA-E5DA-4581-A9C4-E654ACFCC515}
		{3A740735-6A29-4075-BDDF-95EA8B58EBC2} = {574997CA-E5DA-4581-A9C4-E654ACFCC515}
		{E3277832-19C5-4D0B-9DF2-DCAEF984BDCC} = {574997CA-E5DA-4581-A9C4-E654ACFCC515}
		{D2FDB28C-486C-4A89-865A-2BC602BD06B4} = {574997CA-E5DA-4581-A9C4-E654ACFCC515}
		{E50222FC-EA66-4688-A4CB-C1116C2E188B} = {574997CA-E5DA-4581-A9C4-E654ACFCC515}
		{8086C5C3-A9F4-42DF-9BEB-1146D88A1352} = {01C34297-A907-42D3-AE13-6A062D51C312}
		{E7C4E084-7DA4-46A2-B871-9070D4A4556C} = {8086C5C3-A9F4-42DF-9BEB-1146D88A1352}
		{5639EB22-B7B3-4F11-B517-CEA80851DC30} = {8086C5C3-A9F4-42DF-9BEB-1146D88A1352}
		{85A8138D-041E-4A32-96A5-F357A0AB55BC} = {8086C5C3-A9F4-42DF-9BEB-1146D88A1352}
		{89090EA2-EC06-46C9-B51A-493DBA252A39} = {01C34297-A907-42D3-AE13-6A062D51C312}
		{F5825850-8190-44AB-B142-C5F904A9CC40} = {89090EA2-EC06-46C9-B51A-493DBA252A39}
		{C78F234C-1DFF-4028-8C2F-3D2F2C0C4921} = {89090EA2-EC06-46C9-B51A-493DBA252A39}
		{D5480880-1615-4E2D-AE3A-7461CB8C3AC2} = {01C34297-A907-42D3-AE13-6A062D51C312}
		{DFFAB30A-EA66-47D7-A465-EE59A5A14B5E} = {D5480880-1615-4E2D-AE3A-7461CB8C3AC2}
		{FBA73FE4-DF60-4BB7-A22A-CC7D819F8EBE} = {D5480880-1615-4E2D-AE3A-7461CB8C3AC2}
	EndGlobalSection
	GlobalSection(ExtensibilityGlobals) = postSolution
		SolutionGuid = {00AFA39A-3A7B-43E6-9DB5-5E4880830AF3}
	EndGlobalSection
EndGlobal
